// !$*UTF8*$!
{
	archiveVersion = 1;
	classes = {
	};
	objectVersion = 46;
	objects = {

/* Begin PBXBuildFile section */
		0C7655AF19A6AED600257304 /* ChameleonStatusBar.m in Sources */ = {isa = PBXBuildFile; fileRef = 0C7655A619A6AED600257304 /* ChameleonStatusBar.m */; };
		0C7655B019A6AED600257304 /* NSArray+Chameleon.m in Sources */ = {isa = PBXBuildFile; fileRef = 0C7655A819A6AED600257304 /* NSArray+Chameleon.m */; };
		0C7655B119A6AED600257304 /* UIColor+Chameleon.m in Sources */ = {isa = PBXBuildFile; fileRef = 0C7655AA19A6AED600257304 /* UIColor+Chameleon.m */; };
		0C7655B219A6AED600257304 /* UIColor+CIELAB.m in Sources */ = {isa = PBXBuildFile; fileRef = 0C7655AC19A6AED600257304 /* UIColor+CIELAB.m */; };
		0C7655B319A6AED600257304 /* UIViewController+Chameleon.m in Sources */ = {isa = PBXBuildFile; fileRef = 0C7655AE19A6AED600257304 /* UIViewController+Chameleon.m */; };
		0C7655B619A6BF5000257304 /* GradientViewController.m in Sources */ = {isa = PBXBuildFile; fileRef = 0C7655B519A6BF5000257304 /* GradientViewController.m */; };
		0C7655B819A6C79A00257304 /* 5@2x.png in Resources */ = {isa = PBXBuildFile; fileRef = 0C7655B719A6C79A00257304 /* 5@2x.png */; };
		0CC0046419812351008E24FD /* Foundation.framework in Frameworks */ = {isa = PBXBuildFile; fileRef = 0CC0046319812351008E24FD /* Foundation.framework */; };
		0CC0046619812351008E24FD /* CoreGraphics.framework in Frameworks */ = {isa = PBXBuildFile; fileRef = 0CC0046519812351008E24FD /* CoreGraphics.framework */; };
		0CC0046819812351008E24FD /* UIKit.framework in Frameworks */ = {isa = PBXBuildFile; fileRef = 0CC0046719812351008E24FD /* UIKit.framework */; };
		0CC0046E19812352008E24FD /* InfoPlist.strings in Resources */ = {isa = PBXBuildFile; fileRef = 0CC0046C19812352008E24FD /* InfoPlist.strings */; };
		0CC0047019812352008E24FD /* main.m in Sources */ = {isa = PBXBuildFile; fileRef = 0CC0046F19812352008E24FD /* main.m */; };
		0CC0047419812352008E24FD /* AppDelegate.m in Sources */ = {isa = PBXBuildFile; fileRef = 0CC0047319812352008E24FD /* AppDelegate.m */; };
		0CC0047719812352008E24FD /* Main.storyboard in Resources */ = {isa = PBXBuildFile; fileRef = 0CC0047519812352008E24FD /* Main.storyboard */; };
		0CC0047A19812352008E24FD /* MainViewController.m in Sources */ = {isa = PBXBuildFile; fileRef = 0CC0047919812352008E24FD /* MainViewController.m */; };
		0CC0047C19812352008E24FD /* Images.xcassets in Resources */ = {isa = PBXBuildFile; fileRef = 0CC0047B19812352008E24FD /* Images.xcassets */; };
		0CC0048319812352008E24FD /* XCTest.framework in Frameworks */ = {isa = PBXBuildFile; fileRef = 0CC0048219812352008E24FD /* XCTest.framework */; };
		0CC0048419812352008E24FD /* Foundation.framework in Frameworks */ = {isa = PBXBuildFile; fileRef = 0CC0046319812351008E24FD /* Foundation.framework */; };
		0CC0048519812352008E24FD /* UIKit.framework in Frameworks */ = {isa = PBXBuildFile; fileRef = 0CC0046719812351008E24FD /* UIKit.framework */; };
		0CC0048D19812352008E24FD /* InfoPlist.strings in Resources */ = {isa = PBXBuildFile; fileRef = 0CC0048B19812352008E24FD /* InfoPlist.strings */; };
		0CC0048F19812352008E24FD /* ChameleonDemoTests.m in Sources */ = {isa = PBXBuildFile; fileRef = 0CC0048E19812352008E24FD /* ChameleonDemoTests.m */; };
		0CC004B419818DBA008E24FD /* icons license.txt in Resources */ = {isa = PBXBuildFile; fileRef = 0CC004AF19818DBA008E24FD /* icons license.txt */; };
		0CC004BA19818F2F008E24FD /* 1@2x.png in Resources */ = {isa = PBXBuildFile; fileRef = 0CC004B619818F2F008E24FD /* 1@2x.png */; };
		0CC004BB19818F2F008E24FD /* 4@2x.png in Resources */ = {isa = PBXBuildFile; fileRef = 0CC004B719818F2F008E24FD /* 4@2x.png */; };
		0CC004BC19818F2F008E24FD /* 3@2x.png in Resources */ = {isa = PBXBuildFile; fileRef = 0CC004B819818F2F008E24FD /* 3@2x.png */; };
		0CC004BD19818F2F008E24FD /* 2@2x.png in Resources */ = {isa = PBXBuildFile; fileRef = 0CC004B919818F2F008E24FD /* 2@2x.png */; };
		0CC004C019819536008E24FD /* Row1ViewController.m in Sources */ = {isa = PBXBuildFile; fileRef = 0CC004BF19819536008E24FD /* Row1ViewController.m */; };
		0CC004C31981AC35008E24FD /* Row2ViewController.m in Sources */ = {isa = PBXBuildFile; fileRef = 0CC004C21981AC35008E24FD /* Row2ViewController.m */; };
		0CC004C61981AEF3008E24FD /* MainNavigationController.m in Sources */ = {isa = PBXBuildFile; fileRef = 0CC004C51981AEF3008E24FD /* MainNavigationController.m */; };
		0CC004C81981B8AF008E24FD /* dice@2x.png in Resources */ = {isa = PBXBuildFile; fileRef = 0CC004C71981B8AF008E24FD /* dice@2x.png */; };
		0CC004CE1981E349008E24FD /* AnalogousViewController.m in Sources */ = {isa = PBXBuildFile; fileRef = 0CC004CD1981E349008E24FD /* AnalogousViewController.m */; };
		0CC004D11981E631008E24FD /* ComplementaryViewController.m in Sources */ = {isa = PBXBuildFile; fileRef = 0CC004D01981E631008E24FD /* ComplementaryViewController.m */; };
		0CC004D41981E74C008E24FD /* TriadicViewController.m in Sources */ = {isa = PBXBuildFile; fileRef = 0CC004D31981E74C008E24FD /* TriadicViewController.m */; };
		0CC004D8198227DF008E24FD /* Row4ViewController.m in Sources */ = {isa = PBXBuildFile; fileRef = 0CC004D7198227DF008E24FD /* Row4ViewController.m */; };
/* End PBXBuildFile section */

/* Begin PBXContainerItemProxy section */
		0CC0048619812352008E24FD /* PBXContainerItemProxy */ = {
			isa = PBXContainerItemProxy;
			containerPortal = 0CC0045819812351008E24FD /* Project object */;
			proxyType = 1;
			remoteGlobalIDString = 0CC0045F19812351008E24FD;
			remoteInfo = ChameleonDemo;
		};
/* End PBXContainerItemProxy section */

/* Begin PBXFileReference section */
		0C7655A319A6AED600257304 /* Chameleon.h */ = {isa = PBXFileReference; fileEncoding = 4; lastKnownFileType = sourcecode.c.h; name = Chameleon.h; path = ../../Chameleon/Chameleon.h; sourceTree = "<group>"; };
		0C7655A419A6AED600257304 /* ChameleonMacros.h */ = {isa = PBXFileReference; fileEncoding = 4; lastKnownFileType = sourcecode.c.h; name = ChameleonMacros.h; path = ../../Chameleon/ChameleonMacros.h; sourceTree = "<group>"; };
		0C7655A519A6AED600257304 /* ChameleonStatusBar.h */ = {isa = PBXFileReference; fileEncoding = 4; lastKnownFileType = sourcecode.c.h; name = ChameleonStatusBar.h; path = ../../Chameleon/ChameleonStatusBar.h; sourceTree = "<group>"; };
		0C7655A619A6AED600257304 /* ChameleonStatusBar.m */ = {isa = PBXFileReference; fileEncoding = 4; lastKnownFileType = sourcecode.c.objc; name = ChameleonStatusBar.m; path = ../../Chameleon/ChameleonStatusBar.m; sourceTree = "<group>"; };
		0C7655A719A6AED600257304 /* NSArray+Chameleon.h */ = {isa = PBXFileReference; fileEncoding = 4; lastKnownFileType = sourcecode.c.h; name = "NSArray+Chameleon.h"; path = "../../Chameleon/NSArray+Chameleon.h"; sourceTree = "<group>"; };
		0C7655A819A6AED600257304 /* NSArray+Chameleon.m */ = {isa = PBXFileReference; fileEncoding = 4; lastKnownFileType = sourcecode.c.objc; name = "NSArray+Chameleon.m"; path = "../../Chameleon/NSArray+Chameleon.m"; sourceTree = "<group>"; };
		0C7655A919A6AED600257304 /* UIColor+Chameleon.h */ = {isa = PBXFileReference; fileEncoding = 4; lastKnownFileType = sourcecode.c.h; name = "UIColor+Chameleon.h"; path = "../../Chameleon/UIColor+Chameleon.h"; sourceTree = "<group>"; };
		0C7655AA19A6AED600257304 /* UIColor+Chameleon.m */ = {isa = PBXFileReference; fileEncoding = 4; lastKnownFileType = sourcecode.c.objc; name = "UIColor+Chameleon.m"; path = "../../Chameleon/UIColor+Chameleon.m"; sourceTree = "<group>"; };
		0C7655AB19A6AED600257304 /* UIColor+CIELAB.h */ = {isa = PBXFileReference; fileEncoding = 4; lastKnownFileType = sourcecode.c.h; name = "UIColor+CIELAB.h"; path = "../../Chameleon/UIColor+CIELAB.h"; sourceTree = "<group>"; };
		0C7655AC19A6AED600257304 /* UIColor+CIELAB.m */ = {isa = PBXFileReference; fileEncoding = 4; lastKnownFileType = sourcecode.c.objc; name = "UIColor+CIELAB.m"; path = "../../Chameleon/UIColor+CIELAB.m"; sourceTree = "<group>"; };
		0C7655AD19A6AED600257304 /* UIViewController+Chameleon.h */ = {isa = PBXFileReference; fileEncoding = 4; lastKnownFileType = sourcecode.c.h; name = "UIViewController+Chameleon.h"; path = "../../Chameleon/UIViewController+Chameleon.h"; sourceTree = "<group>"; };
		0C7655AE19A6AED600257304 /* UIViewController+Chameleon.m */ = {isa = PBXFileReference; fileEncoding = 4; lastKnownFileType = sourcecode.c.objc; name = "UIViewController+Chameleon.m"; path = "../../Chameleon/UIViewController+Chameleon.m"; sourceTree = "<group>"; };
		0C7655B419A6BF5000257304 /* GradientViewController.h */ = {isa = PBXFileReference; fileEncoding = 4; lastKnownFileType = sourcecode.c.h; path = GradientViewController.h; sourceTree = "<group>"; };
		0C7655B519A6BF5000257304 /* GradientViewController.m */ = {isa = PBXFileReference; fileEncoding = 4; lastKnownFileType = sourcecode.c.objc; path = GradientViewController.m; sourceTree = "<group>"; };
		0C7655B719A6C79A00257304 /* 5@2x.png */ = {isa = PBXFileReference; lastKnownFileType = image.png; path = "5@2x.png"; sourceTree = "<group>"; };
		0CC0046019812351008E24FD /* ChameleonDemo.app */ = {isa = PBXFileReference; explicitFileType = wrapper.application; includeInIndex = 0; path = ChameleonDemo.app; sourceTree = BUILT_PRODUCTS_DIR; };
		0CC0046319812351008E24FD /* Foundation.framework */ = {isa = PBXFileReference; lastKnownFileType = wrapper.framework; name = Foundation.framework; path = System/Library/Frameworks/Foundation.framework; sourceTree = SDKROOT; };
		0CC0046519812351008E24FD /* CoreGraphics.framework */ = {isa = PBXFileReference; lastKnownFileType = wrapper.framework; name = CoreGraphics.framework; path = System/Library/Frameworks/CoreGraphics.framework; sourceTree = SDKROOT; };
		0CC0046719812351008E24FD /* UIKit.framework */ = {isa = PBXFileReference; lastKnownFileType = wrapper.framework; name = UIKit.framework; path = System/Library/Frameworks/UIKit.framework; sourceTree = SDKROOT; };
		0CC0046B19812352008E24FD /* ChameleonDemo-Info.plist */ = {isa = PBXFileReference; lastKnownFileType = text.plist.xml; path = "ChameleonDemo-Info.plist"; sourceTree = "<group>"; };
		0CC0046D19812352008E24FD /* en */ = {isa = PBXFileReference; lastKnownFileType = text.plist.strings; name = en; path = en.lproj/InfoPlist.strings; sourceTree = "<group>"; };
		0CC0046F19812352008E24FD /* main.m */ = {isa = PBXFileReference; lastKnownFileType = sourcecode.c.objc; path = main.m; sourceTree = "<group>"; };
		0CC0047119812352008E24FD /* ChameleonDemo-Prefix.pch */ = {isa = PBXFileReference; lastKnownFileType = sourcecode.c.h; path = "ChameleonDemo-Prefix.pch"; sourceTree = "<group>"; };
		0CC0047219812352008E24FD /* AppDelegate.h */ = {isa = PBXFileReference; lastKnownFileType = sourcecode.c.h; path = AppDelegate.h; sourceTree = "<group>"; };
		0CC0047319812352008E24FD /* AppDelegate.m */ = {isa = PBXFileReference; lastKnownFileType = sourcecode.c.objc; path = AppDelegate.m; sourceTree = "<group>"; };
		0CC0047619812352008E24FD /* Base */ = {isa = PBXFileReference; lastKnownFileType = file.storyboard; name = Base; path = Base.lproj/Main.storyboard; sourceTree = "<group>"; };
		0CC0047819812352008E24FD /* MainViewController.h */ = {isa = PBXFileReference; lastKnownFileType = sourcecode.c.h; path = MainViewController.h; sourceTree = "<group>"; };
		0CC0047919812352008E24FD /* MainViewController.m */ = {isa = PBXFileReference; lastKnownFileType = sourcecode.c.objc; path = MainViewController.m; sourceTree = "<group>"; };
		0CC0047B19812352008E24FD /* Images.xcassets */ = {isa = PBXFileReference; lastKnownFileType = folder.assetcatalog; path = Images.xcassets; sourceTree = "<group>"; };
		0CC0048119812352008E24FD /* ChameleonDemoTests.xctest */ = {isa = PBXFileReference; explicitFileType = wrapper.cfbundle; includeInIndex = 0; path = ChameleonDemoTests.xctest; sourceTree = BUILT_PRODUCTS_DIR; };
		0CC0048219812352008E24FD /* XCTest.framework */ = {isa = PBXFileReference; lastKnownFileType = wrapper.framework; name = XCTest.framework; path = Library/Frameworks/XCTest.framework; sourceTree = DEVELOPER_DIR; };
		0CC0048A19812352008E24FD /* ChameleonDemoTests-Info.plist */ = {isa = PBXFileReference; lastKnownFileType = text.plist.xml; path = "ChameleonDemoTests-Info.plist"; sourceTree = "<group>"; };
		0CC0048C19812352008E24FD /* en */ = {isa = PBXFileReference; lastKnownFileType = text.plist.strings; name = en; path = en.lproj/InfoPlist.strings; sourceTree = "<group>"; };
		0CC0048E19812352008E24FD /* ChameleonDemoTests.m */ = {isa = PBXFileReference; lastKnownFileType = sourcecode.c.objc; path = ChameleonDemoTests.m; sourceTree = "<group>"; };
		0CC004AF19818DBA008E24FD /* icons license.txt */ = {isa = PBXFileReference; fileEncoding = 4; lastKnownFileType = text; path = "icons license.txt"; sourceTree = "<group>"; };
		0CC004B619818F2F008E24FD /* 1@2x.png */ = {isa = PBXFileReference; lastKnownFileType = image.png; path = "1@2x.png"; sourceTree = "<group>"; };
		0CC004B719818F2F008E24FD /* 4@2x.png */ = {isa = PBXFileReference; lastKnownFileType = image.png; path = "4@2x.png"; sourceTree = "<group>"; };
		0CC004B819818F2F008E24FD /* 3@2x.png */ = {isa = PBXFileReference; lastKnownFileType = image.png; path = "3@2x.png"; sourceTree = "<group>"; };
		0CC004B919818F2F008E24FD /* 2@2x.png */ = {isa = PBXFileReference; lastKnownFileType = image.png; path = "2@2x.png"; sourceTree = "<group>"; };
		0CC004BE19819536008E24FD /* Row1ViewController.h */ = {isa = PBXFileReference; fileEncoding = 4; lastKnownFileType = sourcecode.c.h; path = Row1ViewController.h; sourceTree = "<group>"; };
		0CC004BF19819536008E24FD /* Row1ViewController.m */ = {isa = PBXFileReference; fileEncoding = 4; lastKnownFileType = sourcecode.c.objc; path = Row1ViewController.m; sourceTree = "<group>"; };
		0CC004C11981AC35008E24FD /* Row2ViewController.h */ = {isa = PBXFileReference; fileEncoding = 4; lastKnownFileType = sourcecode.c.h; path = Row2ViewController.h; sourceTree = "<group>"; };
		0CC004C21981AC35008E24FD /* Row2ViewController.m */ = {isa = PBXFileReference; fileEncoding = 4; lastKnownFileType = sourcecode.c.objc; path = Row2ViewController.m; sourceTree = "<group>"; };
		0CC004C41981AEF3008E24FD /* MainNavigationController.h */ = {isa = PBXFileReference; fileEncoding = 4; lastKnownFileType = sourcecode.c.h; path = MainNavigationController.h; sourceTree = "<group>"; };
		0CC004C51981AEF3008E24FD /* MainNavigationController.m */ = {isa = PBXFileReference; fileEncoding = 4; lastKnownFileType = sourcecode.c.objc; path = MainNavigationController.m; sourceTree = "<group>"; };
		0CC004C71981B8AF008E24FD /* dice@2x.png */ = {isa = PBXFileReference; lastKnownFileType = image.png; path = "dice@2x.png"; sourceTree = "<group>"; };
		0CC004CC1981E349008E24FD /* AnalogousViewController.h */ = {isa = PBXFileReference; fileEncoding = 4; lastKnownFileType = sourcecode.c.h; path = AnalogousViewController.h; sourceTree = "<group>"; };
		0CC004CD1981E349008E24FD /* AnalogousViewController.m */ = {isa = PBXFileReference; fileEncoding = 4; lastKnownFileType = sourcecode.c.objc; path = AnalogousViewController.m; sourceTree = "<group>"; };
		0CC004CF1981E631008E24FD /* ComplementaryViewController.h */ = {isa = PBXFileReference; fileEncoding = 4; lastKnownFileType = sourcecode.c.h; path = ComplementaryViewController.h; sourceTree = "<group>"; };
		0CC004D01981E631008E24FD /* ComplementaryViewController.m */ = {isa = PBXFileReference; fileEncoding = 4; lastKnownFileType = sourcecode.c.objc; path = ComplementaryViewController.m; sourceTree = "<group>"; };
		0CC004D21981E74C008E24FD /* TriadicViewController.h */ = {isa = PBXFileReference; fileEncoding = 4; lastKnownFileType = sourcecode.c.h; path = TriadicViewController.h; sourceTree = "<group>"; };
		0CC004D31981E74C008E24FD /* TriadicViewController.m */ = {isa = PBXFileReference; fileEncoding = 4; lastKnownFileType = sourcecode.c.objc; path = TriadicViewController.m; sourceTree = "<group>"; };
		0CC004D6198227DF008E24FD /* Row4ViewController.h */ = {isa = PBXFileReference; fileEncoding = 4; lastKnownFileType = sourcecode.c.h; path = Row4ViewController.h; sourceTree = "<group>"; };
		0CC004D7198227DF008E24FD /* Row4ViewController.m */ = {isa = PBXFileReference; fileEncoding = 4; lastKnownFileType = sourcecode.c.objc; path = Row4ViewController.m; sourceTree = "<group>"; };
/* End PBXFileReference section */

/* Begin PBXFrameworksBuildPhase section */
		0CC0045D19812351008E24FD /* Frameworks */ = {
			isa = PBXFrameworksBuildPhase;
			buildActionMask = 2147483647;
			files = (
				0CC0046619812351008E24FD /* CoreGraphics.framework in Frameworks */,
				0CC0046819812351008E24FD /* UIKit.framework in Frameworks */,
				0CC0046419812351008E24FD /* Foundation.framework in Frameworks */,
			);
			runOnlyForDeploymentPostprocessing = 0;
		};
		0CC0047E19812352008E24FD /* Frameworks */ = {
			isa = PBXFrameworksBuildPhase;
			buildActionMask = 2147483647;
			files = (
				0CC0048319812352008E24FD /* XCTest.framework in Frameworks */,
				0CC0048519812352008E24FD /* UIKit.framework in Frameworks */,
				0CC0048419812352008E24FD /* Foundation.framework in Frameworks */,
			);
			runOnlyForDeploymentPostprocessing = 0;
		};
/* End PBXFrameworksBuildPhase section */

/* Begin PBXGroup section */
		0CC0045719812351008E24FD = {
			isa = PBXGroup;
			children = (
				0CC0046919812351008E24FD /* ChameleonDemo */,
				0CC0048819812352008E24FD /* ChameleonDemoTests */,
				0CC0046219812351008E24FD /* Frameworks */,
				0CC0046119812351008E24FD /* Products */,
			);
			sourceTree = "<group>";
		};
		0CC0046119812351008E24FD /* Products */ = {
			isa = PBXGroup;
			children = (
				0CC0046019812351008E24FD /* ChameleonDemo.app */,
				0CC0048119812352008E24FD /* ChameleonDemoTests.xctest */,
			);
			name = Products;
			sourceTree = "<group>";
		};
		0CC0046219812351008E24FD /* Frameworks */ = {
			isa = PBXGroup;
			children = (
				0CC0046319812351008E24FD /* Foundation.framework */,
				0CC0046519812351008E24FD /* CoreGraphics.framework */,
				0CC0046719812351008E24FD /* UIKit.framework */,
				0CC0048219812352008E24FD /* XCTest.framework */,
			);
			name = Frameworks;
			sourceTree = "<group>";
		};
		0CC0046919812351008E24FD /* ChameleonDemo */ = {
			isa = PBXGroup;
			children = (
				0CC0047219812352008E24FD /* AppDelegate.h */,
				0CC0047319812352008E24FD /* AppDelegate.m */,
				0CC0047519812352008E24FD /* Main.storyboard */,
				0CC004C41981AEF3008E24FD /* MainNavigationController.h */,
				0CC004C51981AEF3008E24FD /* MainNavigationController.m */,
				0CC0047819812352008E24FD /* MainViewController.h */,
				0CC0047919812352008E24FD /* MainViewController.m */,
				0CC004BE19819536008E24FD /* Row1ViewController.h */,
				0CC004BF19819536008E24FD /* Row1ViewController.m */,
				0CC004C11981AC35008E24FD /* Row2ViewController.h */,
				0CC004C21981AC35008E24FD /* Row2ViewController.m */,
				0CC004D6198227DF008E24FD /* Row4ViewController.h */,
				0CC004D7198227DF008E24FD /* Row4ViewController.m */,
				0C7655B419A6BF5000257304 /* GradientViewController.h */,
				0C7655B519A6BF5000257304 /* GradientViewController.m */,
				0CC004D5198215E0008E24FD /* Row3Controllers */,
				0CC004A919818CE4008E24FD /* Images */,
				0CC0049A198124F8008E24FD /* Chameleon */,
				0CC0047B19812352008E24FD /* Images.xcassets */,
				0CC0046A19812352008E24FD /* Supporting Files */,
			);
			path = ChameleonDemo;
			sourceTree = "<group>";
		};
		0CC0046A19812352008E24FD /* Supporting Files */ = {
			isa = PBXGroup;
			children = (
				0CC0046B19812352008E24FD /* ChameleonDemo-Info.plist */,
				0CC0046C19812352008E24FD /* InfoPlist.strings */,
				0CC0046F19812352008E24FD /* main.m */,
				0CC0047119812352008E24FD /* ChameleonDemo-Prefix.pch */,
			);
			name = "Supporting Files";
			sourceTree = "<group>";
		};
		0CC0048819812352008E24FD /* ChameleonDemoTests */ = {
			isa = PBXGroup;
			children = (
				0CC0048E19812352008E24FD /* ChameleonDemoTests.m */,
				0CC0048919812352008E24FD /* Supporting Files */,
			);
			path = ChameleonDemoTests;
			sourceTree = "<group>";
		};
		0CC0048919812352008E24FD /* Supporting Files */ = {
			isa = PBXGroup;
			children = (
				0CC0048A19812352008E24FD /* ChameleonDemoTests-Info.plist */,
				0CC0048B19812352008E24FD /* InfoPlist.strings */,
			);
			name = "Supporting Files";
			sourceTree = "<group>";
		};
		0CC0049A198124F8008E24FD /* Chameleon */ = {
			isa = PBXGroup;
			children = (
				0C7655A319A6AED600257304 /* Chameleon.h */,
				0C7655A419A6AED600257304 /* ChameleonMacros.h */,
				0C7655A519A6AED600257304 /* ChameleonStatusBar.h */,
				0C7655A619A6AED600257304 /* ChameleonStatusBar.m */,
				0C7655A719A6AED600257304 /* NSArray+Chameleon.h */,
				0C7655A819A6AED600257304 /* NSArray+Chameleon.m */,
				0C7655A919A6AED600257304 /* UIColor+Chameleon.h */,
				0C7655AA19A6AED600257304 /* UIColor+Chameleon.m */,
				0C7655AB19A6AED600257304 /* UIColor+CIELAB.h */,
				0C7655AC19A6AED600257304 /* UIColor+CIELAB.m */,
				0C7655AD19A6AED600257304 /* UIViewController+Chameleon.h */,
				0C7655AE19A6AED600257304 /* UIViewController+Chameleon.m */,
			);
			name = Chameleon;
			sourceTree = "<group>";
		};
		0CC004A919818CE4008E24FD /* Images */ = {
			isa = PBXGroup;
			children = (
				0CC004AF19818DBA008E24FD /* icons license.txt */,
				0CC004B619818F2F008E24FD /* 1@2x.png */,
				0CC004B919818F2F008E24FD /* 2@2x.png */,
				0CC004B819818F2F008E24FD /* 3@2x.png */,
				0CC004B719818F2F008E24FD /* 4@2x.png */,
				0C7655B719A6C79A00257304 /* 5@2x.png */,
				0CC004C71981B8AF008E24FD /* dice@2x.png */,
			);
			name = Images;
			sourceTree = "<group>";
		};
		0CC004D5198215E0008E24FD /* Row3Controllers */ = {
			isa = PBXGroup;
			children = (
				0CC004CC1981E349008E24FD /* AnalogousViewController.h */,
				0CC004CD1981E349008E24FD /* AnalogousViewController.m */,
				0CC004CF1981E631008E24FD /* ComplementaryViewController.h */,
				0CC004D01981E631008E24FD /* ComplementaryViewController.m */,
				0CC004D21981E74C008E24FD /* TriadicViewController.h */,
				0CC004D31981E74C008E24FD /* TriadicViewController.m */,
			);
			name = Row3Controllers;
			sourceTree = "<group>";
		};
/* End PBXGroup section */

/* Begin PBXNativeTarget section */
		0CC0045F19812351008E24FD /* ChameleonDemo */ = {
			isa = PBXNativeTarget;
			buildConfigurationList = 0CC0049219812352008E24FD /* Build configuration list for PBXNativeTarget "ChameleonDemo" */;
			buildPhases = (
				0CC0045C19812351008E24FD /* Sources */,
				0CC0045D19812351008E24FD /* Frameworks */,
				0CC0045E19812351008E24FD /* Resources */,
			);
			buildRules = (
			);
			dependencies = (
			);
			name = ChameleonDemo;
			productName = ChameleonDemo;
			productReference = 0CC0046019812351008E24FD /* ChameleonDemo.app */;
			productType = "com.apple.product-type.application";
		};
		0CC0048019812352008E24FD /* ChameleonDemoTests */ = {
			isa = PBXNativeTarget;
			buildConfigurationList = 0CC0049519812352008E24FD /* Build configuration list for PBXNativeTarget "ChameleonDemoTests" */;
			buildPhases = (
				0CC0047D19812352008E24FD /* Sources */,
				0CC0047E19812352008E24FD /* Frameworks */,
				0CC0047F19812352008E24FD /* Resources */,
			);
			buildRules = (
			);
			dependencies = (
				0CC0048719812352008E24FD /* PBXTargetDependency */,
			);
			name = ChameleonDemoTests;
			productName = ChameleonDemoTests;
			productReference = 0CC0048119812352008E24FD /* ChameleonDemoTests.xctest */;
			productType = "com.apple.product-type.bundle.unit-test";
		};
/* End PBXNativeTarget section */

/* Begin PBXProject section */
		0CC0045819812351008E24FD /* Project object */ = {
			isa = PBXProject;
			attributes = {
				LastUpgradeCheck = 0510;
				ORGANIZATIONNAME = "Vicc Alexander";
				TargetAttributes = {
					0CC0048019812352008E24FD = {
						TestTargetID = 0CC0045F19812351008E24FD;
					};
				};
			};
			buildConfigurationList = 0CC0045B19812351008E24FD /* Build configuration list for PBXProject "ChameleonDemo" */;
			compatibilityVersion = "Xcode 3.2";
			developmentRegion = English;
			hasScannedForEncodings = 0;
			knownRegions = (
				en,
				Base,
			);
			mainGroup = 0CC0045719812351008E24FD;
			productRefGroup = 0CC0046119812351008E24FD /* Products */;
			projectDirPath = "";
			projectRoot = "";
			targets = (
				0CC0045F19812351008E24FD /* ChameleonDemo */,
				0CC0048019812352008E24FD /* ChameleonDemoTests */,
			);
		};
/* End PBXProject section */

/* Begin PBXResourcesBuildPhase section */
		0CC0045E19812351008E24FD /* Resources */ = {
			isa = PBXResourcesBuildPhase;
			buildActionMask = 2147483647;
			files = (
				0CC0047C19812352008E24FD /* Images.xcassets in Resources */,
				0CC0046E19812352008E24FD /* InfoPlist.strings in Resources */,
				0C7655B819A6C79A00257304 /* 5@2x.png in Resources */,
				0CC004BA19818F2F008E24FD /* 1@2x.png in Resources */,
				0CC004C81981B8AF008E24FD /* dice@2x.png in Resources */,
				0CC004BB19818F2F008E24FD /* 4@2x.png in Resources */,
				0CC004B419818DBA008E24FD /* icons license.txt in Resources */,
				0CC004BC19818F2F008E24FD /* 3@2x.png in Resources */,
				0CC0047719812352008E24FD /* Main.storyboard in Resources */,
				0CC004BD19818F2F008E24FD /* 2@2x.png in Resources */,
			);
			runOnlyForDeploymentPostprocessing = 0;
		};
		0CC0047F19812352008E24FD /* Resources */ = {
			isa = PBXResourcesBuildPhase;
			buildActionMask = 2147483647;
			files = (
				0CC0048D19812352008E24FD /* InfoPlist.strings in Resources */,
			);
			runOnlyForDeploymentPostprocessing = 0;
		};
/* End PBXResourcesBuildPhase section */

/* Begin PBXSourcesBuildPhase section */
		0CC0045C19812351008E24FD /* Sources */ = {
			isa = PBXSourcesBuildPhase;
			buildActionMask = 2147483647;
			files = (
				0C7655B619A6BF5000257304 /* GradientViewController.m in Sources */,
				0C7655B319A6AED600257304 /* UIViewController+Chameleon.m in Sources */,
				0CC004C31981AC35008E24FD /* Row2ViewController.m in Sources */,
				0C7655B219A6AED600257304 /* UIColor+CIELAB.m in Sources */,
				0C7655B119A6AED600257304 /* UIColor+Chameleon.m in Sources */,
				0C7655AF19A6AED600257304 /* ChameleonStatusBar.m in Sources */,
				0CC0047A19812352008E24FD /* MainViewController.m in Sources */,
				0CC004C61981AEF3008E24FD /* MainNavigationController.m in Sources */,
				0CC0047419812352008E24FD /* AppDelegate.m in Sources */,
				0CC004D8198227DF008E24FD /* Row4ViewController.m in Sources */,
				0CC004D41981E74C008E24FD /* TriadicViewController.m in Sources */,
				0CC0047019812352008E24FD /* main.m in Sources */,
				0CC004D11981E631008E24FD /* ComplementaryViewController.m in Sources */,
				0C7655B019A6AED600257304 /* NSArray+Chameleon.m in Sources */,
				0CC004CE1981E349008E24FD /* AnalogousViewController.m in Sources */,
				0CC004C019819536008E24FD /* Row1ViewController.m in Sources */,
			);
			runOnlyForDeploymentPostprocessing = 0;
		};
		0CC0047D19812352008E24FD /* Sources */ = {
			isa = PBXSourcesBuildPhase;
			buildActionMask = 2147483647;
			files = (
				0CC0048F19812352008E24FD /* ChameleonDemoTests.m in Sources */,
			);
			runOnlyForDeploymentPostprocessing = 0;
		};
/* End PBXSourcesBuildPhase section */

/* Begin PBXTargetDependency section */
		0CC0048719812352008E24FD /* PBXTargetDependency */ = {
			isa = PBXTargetDependency;
			target = 0CC0045F19812351008E24FD /* ChameleonDemo */;
			targetProxy = 0CC0048619812352008E24FD /* PBXContainerItemProxy */;
		};
/* End PBXTargetDependency section */

/* Begin PBXVariantGroup section */
		0CC0046C19812352008E24FD /* InfoPlist.strings */ = {
			isa = PBXVariantGroup;
			children = (
				0CC0046D19812352008E24FD /* en */,
			);
			name = InfoPlist.strings;
			sourceTree = "<group>";
		};
		0CC0047519812352008E24FD /* Main.storyboard */ = {
			isa = PBXVariantGroup;
			children = (
				0CC0047619812352008E24FD /* Base */,
			);
			name = Main.storyboard;
			sourceTree = "<group>";
		};
		0CC0048B19812352008E24FD /* InfoPlist.strings */ = {
			isa = PBXVariantGroup;
			children = (
				0CC0048C19812352008E24FD /* en */,
			);
			name = InfoPlist.strings;
			sourceTree = "<group>";
		};
/* End PBXVariantGroup section */

/* Begin XCBuildConfiguration section */
		0CC0049019812352008E24FD /* Debug */ = {
			isa = XCBuildConfiguration;
			buildSettings = {
				ALWAYS_SEARCH_USER_PATHS = NO;
				CLANG_CXX_LANGUAGE_STANDARD = "gnu++0x";
				CLANG_CXX_LIBRARY = "libc++";
				CLANG_ENABLE_MODULES = YES;
				CLANG_ENABLE_OBJC_ARC = YES;
				CLANG_WARN_BOOL_CONVERSION = YES;
				CLANG_WARN_CONSTANT_CONVERSION = YES;
				CLANG_WARN_DIRECT_OBJC_ISA_USAGE = YES_ERROR;
				CLANG_WARN_EMPTY_BODY = YES;
				CLANG_WARN_ENUM_CONVERSION = YES;
				CLANG_WARN_INT_CONVERSION = YES;
				CLANG_WARN_OBJC_ROOT_CLASS = YES_ERROR;
				CLANG_WARN__DUPLICATE_METHOD_MATCH = YES;
				"CODE_SIGN_IDENTITY[sdk=iphoneos*]" = "iPhone Developer";
				COPY_PHASE_STRIP = NO;
				GCC_C_LANGUAGE_STANDARD = gnu99;
				GCC_DYNAMIC_NO_PIC = NO;
				GCC_OPTIMIZATION_LEVEL = 0;
				GCC_PREPROCESSOR_DEFINITIONS = (
					"DEBUG=1",
					"$(inherited)",
				);
				GCC_SYMBOLS_PRIVATE_EXTERN = NO;
				GCC_WARN_64_TO_32_BIT_CONVERSION = YES;
				GCC_WARN_ABOUT_RETURN_TYPE = YES_ERROR;
				GCC_WARN_UNDECLARED_SELECTOR = YES;
				GCC_WARN_UNINITIALIZED_AUTOS = YES_AGGRESSIVE;
				GCC_WARN_UNUSED_FUNCTION = YES;
				GCC_WARN_UNUSED_VARIABLE = YES;
				IPHONEOS_DEPLOYMENT_TARGET = 7.1;
				ONLY_ACTIVE_ARCH = YES;
				SDKROOT = iphoneos;
			};
			name = Debug;
		};
		0CC0049119812352008E24FD /* Release */ = {
			isa = XCBuildConfiguration;
			buildSettings = {
				ALWAYS_SEARCH_USER_PATHS = NO;
				CLANG_CXX_LANGUAGE_STANDARD = "gnu++0x";
				CLANG_CXX_LIBRARY = "libc++";
				CLANG_ENABLE_MODULES = YES;
				CLANG_ENABLE_OBJC_ARC = YES;
				CLANG_WARN_BOOL_CONVERSION = YES;
				CLANG_WARN_CONSTANT_CONVERSION = YES;
				CLANG_WARN_DIRECT_OBJC_ISA_USAGE = YES_ERROR;
				CLANG_WARN_EMPTY_BODY = YES;
				CLANG_WARN_ENUM_CONVERSION = YES;
				CLANG_WARN_INT_CONVERSION = YES;
				CLANG_WARN_OBJC_ROOT_CLASS = YES_ERROR;
				CLANG_WARN__DUPLICATE_METHOD_MATCH = YES;
				"CODE_SIGN_IDENTITY[sdk=iphoneos*]" = "iPhone Developer";
				COPY_PHASE_STRIP = YES;
				ENABLE_NS_ASSERTIONS = NO;
				GCC_C_LANGUAGE_STANDARD = gnu99;
				GCC_WARN_64_TO_32_BIT_CONVERSION = YES;
				GCC_WARN_ABOUT_RETURN_TYPE = YES_ERROR;
				GCC_WARN_UNDECLARED_SELECTOR = YES;
				GCC_WARN_UNINITIALIZED_AUTOS = YES_AGGRESSIVE;
				GCC_WARN_UNUSED_FUNCTION = YES;
				GCC_WARN_UNUSED_VARIABLE = YES;
				IPHONEOS_DEPLOYMENT_TARGET = 7.1;
				SDKROOT = iphoneos;
				VALIDATE_PRODUCT = YES;
			};
			name = Release;
		};
		0CC0049319812352008E24FD /* Debug */ = {
			isa = XCBuildConfiguration;
			buildSettings = {
				ASSETCATALOG_COMPILER_APPICON_NAME = AppIcon;
				ASSETCATALOG_COMPILER_LAUNCHIMAGE_NAME = LaunchImage;
				CODE_SIGN_IDENTITY = "iPhone Developer";
				GCC_PRECOMPILE_PREFIX_HEADER = YES;
				GCC_PREFIX_HEADER = "ChameleonDemo/ChameleonDemo-Prefix.pch";
				INFOPLIST_FILE = "ChameleonDemo/ChameleonDemo-Info.plist";
				IPHONEOS_DEPLOYMENT_TARGET = 7.0;
				PRODUCT_NAME = "$(TARGET_NAME)";
				PROVISIONING_PROFILE = "";
				WRAPPER_EXTENSION = app;
			};
			name = Debug;
		};
		0CC0049419812352008E24FD /* Release */ = {
			isa = XCBuildConfiguration;
			buildSettings = {
				ASSETCATALOG_COMPILER_APPICON_NAME = AppIcon;
				ASSETCATALOG_COMPILER_LAUNCHIMAGE_NAME = LaunchImage;
				CODE_SIGN_IDENTITY = "iPhone Developer";
				GCC_PRECOMPILE_PREFIX_HEADER = YES;
				GCC_PREFIX_HEADER = "ChameleonDemo/ChameleonDemo-Prefix.pch";
				INFOPLIST_FILE = "ChameleonDemo/ChameleonDemo-Info.plist";
				IPHONEOS_DEPLOYMENT_TARGET = 7.0;
				PRODUCT_NAME = "$(TARGET_NAME)";
				PROVISIONING_PROFILE = "";
				WRAPPER_EXTENSION = app;
			};
			name = Release;
		};
		0CC0049619812352008E24FD /* Debug */ = {
			isa = XCBuildConfiguration;
			buildSettings = {
				BUNDLE_LOADER = "$(BUILT_PRODUCTS_DIR)/ChameleonDemo.app/ChameleonDemo";
				FRAMEWORK_SEARCH_PATHS = (
					"$(SDKROOT)/Developer/Library/Frameworks",
					"$(inherited)",
					"$(DEVELOPER_FRAMEWORKS_DIR)",
				);
				GCC_PRECOMPILE_PREFIX_HEADER = YES;
				GCC_PREFIX_HEADER = "ChameleonDemo/ChameleonDemo-Prefix.pch";
				GCC_PREPROCESSOR_DEFINITIONS = (
					"DEBUG=1",
					"$(inherited)",
				);
				INFOPLIST_FILE = "ChameleonDemoTests/ChameleonDemoTests-Info.plist";
				PRODUCT_NAME = "$(TARGET_NAME)";
				TEST_HOST = "$(BUNDLE_LOADER)";
				WRAPPER_EXTENSION = xctest;
			};
			name = Debug;
		};
		0CC0049719812352008E24FD /* Release */ = {
			isa = XCBuildConfiguration;
			buildSettings = {
				BUNDLE_LOADER = "$(BUILT_PRODUCTS_DIR)/ChameleonDemo.app/ChameleonDemo";
				FRAMEWORK_SEARCH_PATHS = (
					"$(SDKROOT)/Developer/Library/Frameworks",
					"$(inherited)",
					"$(DEVELOPER_FRAMEWORKS_DIR)",
				);
				GCC_PRECOMPILE_PREFIX_HEADER = YES;
				GCC_PREFIX_HEADER = "ChameleonDemo/ChameleonDemo-Prefix.pch";
				INFOPLIST_FILE = "ChameleonDemoTests/ChameleonDemoTests-Info.plist";
				PRODUCT_NAME = "$(TARGET_NAME)";
				TEST_HOST = "$(BUNDLE_LOADER)";
				WRAPPER_EXTENSION = xctest;
			};
			name = Release;
		};
/* End XCBuildConfiguration section */

/* Begin XCConfigurationList section */
		0CC0045B19812351008E24FD /* Build configuration list for PBXProject "ChameleonDemo" */ = {
			isa = XCConfigurationList;
			buildConfigurations = (
				0CC0049019812352008E24FD /* Debug */,
				0CC0049119812352008E24FD /* Release */,
			);
			defaultConfigurationIsVisible = 0;
			defaultConfigurationName = Release;
		};
		0CC0049219812352008E24FD /* Build configuration list for PBXNativeTarget "ChameleonDemo" */ = {
			isa = XCConfigurationList;
			buildConfigurations = (
				0CC0049319812352008E24FD /* Debug */,
				0CC0049419812352008E24FD /* Release */,
			);
			defaultConfigurationIsVisible = 0;
			defaultConfigurationName = Release;
		};
		0CC0049519812352008E24FD /* Build configuration list for PBXNativeTarget "ChameleonDemoTests" */ = {
			isa = XCConfigurationList;
			buildConfigurations = (
				0CC0049619812352008E24FD /* Debug */,
				0CC0049719812352008E24FD /* Release */,
			);
			defaultConfigurationIsVisible = 0;
			defaultConfigurationName = Release;
		};
/* End XCConfigurationList section */
	};
	rootObject = 0CC0045819812351008E24FD /* Project object */;
}
