// !$*UTF8*$!
{
	archiveVersion = 1;
	classes = {
	};
	objectVersion = 46;
	objects = {

/* Begin PBXBuildFile section */
		0C6D34721C07B98400A7BF83 /* Chameleon.framework in Frameworks */ = {isa = PBXBuildFile; fileRef = 240093F81BB4517400932727 /* Chameleon.framework */; };
		0C6D34731C07B98400A7BF83 /* Chameleon.framework in Embed Frameworks */ = {isa = PBXBuildFile; fileRef = 240093F81BB4517400932727 /* Chameleon.framework */; settings = {ATTRIBUTES = (CodeSignOnCopy, RemoveHeadersOnCopy, ); }; };
		0C8A5DE71D8D4B7D00B71D95 /* KeyboardViewController.m in Sources */ = {isa = PBXBuildFile; fileRef = 0C8A5DE61D8D4B7D00B71D95 /* KeyboardViewController.m */; };
		0C8A5DEB1D8D4B7D00B71D95 /* ChameleonExtension-ObjC.appex in Embed App Extensions */ = {isa = PBXBuildFile; fileRef = 0C8A5DE31D8D4B7D00B71D95 /* ChameleonExtension-ObjC.appex */; settings = {ATTRIBUTES = (RemoveHeadersOnCopy, ); }; };
		0C8A5DF21D8D4EB400B71D95 /* UIApplication+CHSharedApplication.h in Headers */ = {isa = PBXBuildFile; fileRef = 0C8A5DF01D8D4EB400B71D95 /* UIApplication+CHSharedApplication.h */; settings = {ATTRIBUTES = (Public, ); }; };
		0C8A5DF31D8D4EB400B71D95 /* UIApplication+CHSharedApplication.m in Sources */ = {isa = PBXBuildFile; fileRef = 0C8A5DF11D8D4EB400B71D95 /* UIApplication+CHSharedApplication.m */; };
		0C8A5DF41D8D545C00B71D95 /* Chameleon.framework in Frameworks */ = {isa = PBXBuildFile; fileRef = 240093F81BB4517400932727 /* Chameleon.framework */; };
		0C8A5DFC1D8D54EF00B71D95 /* KeyboardViewController.swift in Sources */ = {isa = PBXBuildFile; fileRef = 0C8A5DFB1D8D54EF00B71D95 /* KeyboardViewController.swift */; };
		0C8A5E001D8D54EF00B71D95 /* ChameleonExtension.appex in Embed App Extensions */ = {isa = PBXBuildFile; fileRef = 0C8A5DF91D8D54EF00B71D95 /* ChameleonExtension.appex */; settings = {ATTRIBUTES = (RemoveHeadersOnCopy, ); }; };
		0C8A5E041D8D54F600B71D95 /* Chameleon.framework in Frameworks */ = {isa = PBXBuildFile; fileRef = 240093F81BB4517400932727 /* Chameleon.framework */; };
		0C8DABA81C07AC3800B28FE2 /* UIAppearance+Swift.m in Sources */ = {isa = PBXBuildFile; fileRef = 0C8DABA61C07AC3800B28FE2 /* UIAppearance+Swift.m */; };
		0C8DABAB1C07B00000B28FE2 /* UIImage+ChameleonPrivate.h in Headers */ = {isa = PBXBuildFile; fileRef = 245935E21BB4D62500C30559 /* UIImage+ChameleonPrivate.h */; settings = {ATTRIBUTES = (Public, ); }; };
		0C8DABAC1C07B00800B28FE2 /* UIAppearance+Swift.h in Headers */ = {isa = PBXBuildFile; fileRef = 0C8DABA51C07AC3800B28FE2 /* UIAppearance+Swift.h */; settings = {ATTRIBUTES = (Public, ); }; };
		0C8DABB51C07B5EA00B28FE2 /* main.m in Sources */ = {isa = PBXBuildFile; fileRef = 0C8DABB41C07B5EA00B28FE2 /* main.m */; };
		0C8DABB81C07B5EA00B28FE2 /* AppDelegate.m in Sources */ = {isa = PBXBuildFile; fileRef = 0C8DABB71C07B5EA00B28FE2 /* AppDelegate.m */; };
		0C8DABBB1C07B5EA00B28FE2 /* ViewController.m in Sources */ = {isa = PBXBuildFile; fileRef = 0C8DABBA1C07B5EA00B28FE2 /* ViewController.m */; };
		0C8DABBE1C07B5EA00B28FE2 /* Main.storyboard in Resources */ = {isa = PBXBuildFile; fileRef = 0C8DABBC1C07B5EA00B28FE2 /* Main.storyboard */; };
		0C8DABC01C07B5EA00B28FE2 /* Assets.xcassets in Resources */ = {isa = PBXBuildFile; fileRef = 0C8DABBF1C07B5EA00B28FE2 /* Assets.xcassets */; };
		0C8DABC31C07B5EA00B28FE2 /* LaunchScreen.storyboard in Resources */ = {isa = PBXBuildFile; fileRef = 0C8DABC11C07B5EA00B28FE2 /* LaunchScreen.storyboard */; };
		240093FC1BB4517400932727 /* Chameleon.h in Headers */ = {isa = PBXBuildFile; fileRef = 240093FB1BB4517400932727 /* Chameleon.h */; settings = {ATTRIBUTES = (Public, ); }; };
		245935EC1BB4D62500C30559 /* Chameleon_.h in Headers */ = {isa = PBXBuildFile; fileRef = 245935D41BB4D62500C30559 /* Chameleon_.h */; settings = {ATTRIBUTES = (Public, ); }; };
		245935ED1BB4D62500C30559 /* Chameleon_.m in Sources */ = {isa = PBXBuildFile; fileRef = 245935D51BB4D62500C30559 /* Chameleon_.m */; };
		245935EE1BB4D62500C30559 /* ChameleonConstants.h in Headers */ = {isa = PBXBuildFile; fileRef = 245935D61BB4D62500C30559 /* ChameleonConstants.h */; settings = {ATTRIBUTES = (Public, ); }; };
		245935EF1BB4D62500C30559 /* ChameleonConstants.m in Sources */ = {isa = PBXBuildFile; fileRef = 245935D71BB4D62500C30559 /* ChameleonConstants.m */; };
		245935F01BB4D62500C30559 /* ChameleonEnums.h in Headers */ = {isa = PBXBuildFile; fileRef = 245935D81BB4D62500C30559 /* ChameleonEnums.h */; settings = {ATTRIBUTES = (Public, ); }; };
		245935F11BB4D62500C30559 /* ChameleonMacros.h in Headers */ = {isa = PBXBuildFile; fileRef = 245935D91BB4D62500C30559 /* ChameleonMacros.h */; settings = {ATTRIBUTES = (Public, ); }; };
		245935F21BB4D62500C30559 /* NSArray+Chameleon.h in Headers */ = {isa = PBXBuildFile; fileRef = 245935DA1BB4D62500C30559 /* NSArray+Chameleon.h */; settings = {ATTRIBUTES = (Public, ); }; };
		245935F31BB4D62500C30559 /* NSArray+Chameleon.m in Sources */ = {isa = PBXBuildFile; fileRef = 245935DB1BB4D62500C30559 /* NSArray+Chameleon.m */; };
		245935F41BB4D62500C30559 /* UIButton+Chameleon.h in Headers */ = {isa = PBXBuildFile; fileRef = 245935DC1BB4D62500C30559 /* UIButton+Chameleon.h */; settings = {ATTRIBUTES = (Public, ); }; };
		245935F51BB4D62500C30559 /* UIButton+Chameleon.m in Sources */ = {isa = PBXBuildFile; fileRef = 245935DD1BB4D62500C30559 /* UIButton+Chameleon.m */; };
		245935F61BB4D62500C30559 /* UIColor+Chameleon.h in Headers */ = {isa = PBXBuildFile; fileRef = 245935DE1BB4D62500C30559 /* UIColor+Chameleon.h */; settings = {ATTRIBUTES = (Public, ); }; };
		245935F71BB4D62500C30559 /* UIColor+Chameleon.m in Sources */ = {isa = PBXBuildFile; fileRef = 245935DF1BB4D62500C30559 /* UIColor+Chameleon.m */; };
		245935F81BB4D62500C30559 /* UIColor+ChameleonPrivate.h in Headers */ = {isa = PBXBuildFile; fileRef = 245935E01BB4D62500C30559 /* UIColor+ChameleonPrivate.h */; settings = {ATTRIBUTES = (Public, ); }; };
		245935F91BB4D62500C30559 /* UIColor+ChameleonPrivate.m in Sources */ = {isa = PBXBuildFile; fileRef = 245935E11BB4D62500C30559 /* UIColor+ChameleonPrivate.m */; };
		245935FB1BB4D62500C30559 /* UIImage+ChameleonPrivate.m in Sources */ = {isa = PBXBuildFile; fileRef = 245935E31BB4D62500C30559 /* UIImage+ChameleonPrivate.m */; };
		245935FC1BB4D62500C30559 /* UILabel+Chameleon.h in Headers */ = {isa = PBXBuildFile; fileRef = 245935E41BB4D62500C30559 /* UILabel+Chameleon.h */; settings = {ATTRIBUTES = (Public, ); }; };
		245935FD1BB4D62500C30559 /* UILabel+Chameleon.m in Sources */ = {isa = PBXBuildFile; fileRef = 245935E51BB4D62500C30559 /* UILabel+Chameleon.m */; };
		245935FE1BB4D62500C30559 /* UINavigationController+Chameleon.h in Headers */ = {isa = PBXBuildFile; fileRef = 245935E61BB4D62500C30559 /* UINavigationController+Chameleon.h */; settings = {ATTRIBUTES = (Public, ); }; };
		245935FF1BB4D62500C30559 /* UINavigationController+Chameleon.m in Sources */ = {isa = PBXBuildFile; fileRef = 245935E71BB4D62500C30559 /* UINavigationController+Chameleon.m */; };
		245936001BB4D62500C30559 /* UIView+ChameleonPrivate.h in Headers */ = {isa = PBXBuildFile; fileRef = 245935E81BB4D62500C30559 /* UIView+ChameleonPrivate.h */; settings = {ATTRIBUTES = (Public, ); }; };
		245936011BB4D62500C30559 /* UIView+ChameleonPrivate.m in Sources */ = {isa = PBXBuildFile; fileRef = 245935E91BB4D62500C30559 /* UIView+ChameleonPrivate.m */; };
		245936021BB4D62500C30559 /* UIViewController+Chameleon.h in Headers */ = {isa = PBXBuildFile; fileRef = 245935EA1BB4D62500C30559 /* UIViewController+Chameleon.h */; settings = {ATTRIBUTES = (Public, ); }; };
		245936031BB4D62500C30559 /* UIViewController+Chameleon.m in Sources */ = {isa = PBXBuildFile; fileRef = 245935EB1BB4D62500C30559 /* UIViewController+Chameleon.m */; };
		245936051BB4D62D00C30559 /* ChameleonShorthand.swift in Sources */ = {isa = PBXBuildFile; fileRef = 245936041BB4D62D00C30559 /* ChameleonShorthand.swift */; };
		247EB8AA1BB61EB3009B4904 /* AppDelegate.swift in Sources */ = {isa = PBXBuildFile; fileRef = 247EB8A91BB61EB3009B4904 /* AppDelegate.swift */; };
		247EB8AC1BB61EB3009B4904 /* ViewController.swift in Sources */ = {isa = PBXBuildFile; fileRef = 247EB8AB1BB61EB3009B4904 /* ViewController.swift */; };
		247EB8AF1BB61EB3009B4904 /* Main.storyboard in Resources */ = {isa = PBXBuildFile; fileRef = 247EB8AD1BB61EB3009B4904 /* Main.storyboard */; };
		247EB8B11BB61EB3009B4904 /* Assets.xcassets in Resources */ = {isa = PBXBuildFile; fileRef = 247EB8B01BB61EB3009B4904 /* Assets.xcassets */; };
		247EB8B41BB61EB3009B4904 /* LaunchScreen.storyboard in Resources */ = {isa = PBXBuildFile; fileRef = 247EB8B21BB61EB3009B4904 /* LaunchScreen.storyboard */; };
		247EB8B91BB61F76009B4904 /* Chameleon.framework in Frameworks */ = {isa = PBXBuildFile; fileRef = 240093F81BB4517400932727 /* Chameleon.framework */; };
/* End PBXBuildFile section */

/* Begin PBXContainerItemProxy section */
		0C6D34741C07B98400A7BF83 /* PBXContainerItemProxy */ = {
			isa = PBXContainerItemProxy;
			containerPortal = 240093EF1BB4517400932727 /* Project object */;
			proxyType = 1;
			remoteGlobalIDString = 240093F71BB4517400932727;
			remoteInfo = Chameleon;
		};
		0C8A5DE91D8D4B7D00B71D95 /* PBXContainerItemProxy */ = {
			isa = PBXContainerItemProxy;
			containerPortal = 240093EF1BB4517400932727 /* Project object */;
			proxyType = 1;
			remoteGlobalIDString = 0C8A5DE21D8D4B7D00B71D95;
			remoteInfo = "ChameleonExtension-ObjC";
		};
		0C8A5DFE1D8D54EF00B71D95 /* PBXContainerItemProxy */ = {
			isa = PBXContainerItemProxy;
			containerPortal = 240093EF1BB4517400932727 /* Project object */;
			proxyType = 1;
			remoteGlobalIDString = 0C8A5DF81D8D54EF00B71D95;
			remoteInfo = ChameleonExtension;
		};
/* End PBXContainerItemProxy section */

/* Begin PBXCopyFilesBuildPhase section */
		0C6D34761C07B98400A7BF83 /* Embed Frameworks */ = {
			isa = PBXCopyFilesBuildPhase;
			buildActionMask = 2147483647;
			dstPath = "";
			dstSubfolderSpec = 10;
			files = (
				0C6D34731C07B98400A7BF83 /* Chameleon.framework in Embed Frameworks */,
			);
			name = "Embed Frameworks";
			runOnlyForDeploymentPostprocessing = 0;
		};
		0C8A5DDE1D8D496B00B71D95 /* Embed App Extensions */ = {
			isa = PBXCopyFilesBuildPhase;
			buildActionMask = 2147483647;
			dstPath = "";
			dstSubfolderSpec = 13;
			files = (
				0C8A5E001D8D54EF00B71D95 /* ChameleonExtension.appex in Embed App Extensions */,
			);
			name = "Embed App Extensions";
			runOnlyForDeploymentPostprocessing = 0;
		};
		0C8A5DEF1D8D4B7D00B71D95 /* Embed App Extensions */ = {
			isa = PBXCopyFilesBuildPhase;
			buildActionMask = 2147483647;
			dstPath = "";
			dstSubfolderSpec = 13;
			files = (
				0C8A5DEB1D8D4B7D00B71D95 /* ChameleonExtension-ObjC.appex in Embed App Extensions */,
			);
			name = "Embed App Extensions";
			runOnlyForDeploymentPostprocessing = 0;
		};
/* End PBXCopyFilesBuildPhase section */

/* Begin PBXFileReference section */
		0C8A5DE31D8D4B7D00B71D95 /* ChameleonExtension-ObjC.appex */ = {isa = PBXFileReference; explicitFileType = "wrapper.app-extension"; includeInIndex = 0; path = "ChameleonExtension-ObjC.appex"; sourceTree = BUILT_PRODUCTS_DIR; };
		0C8A5DE51D8D4B7D00B71D95 /* KeyboardViewController.h */ = {isa = PBXFileReference; lastKnownFileType = sourcecode.c.h; path = KeyboardViewController.h; sourceTree = "<group>"; };
		0C8A5DE61D8D4B7D00B71D95 /* KeyboardViewController.m */ = {isa = PBXFileReference; lastKnownFileType = sourcecode.c.objc; path = KeyboardViewController.m; sourceTree = "<group>"; };
		0C8A5DE81D8D4B7D00B71D95 /* Info.plist */ = {isa = PBXFileReference; lastKnownFileType = text.plist.xml; path = Info.plist; sourceTree = "<group>"; };
		0C8A5DF01D8D4EB400B71D95 /* UIApplication+CHSharedApplication.h */ = {isa = PBXFileReference; fileEncoding = 4; lastKnownFileType = sourcecode.c.h; name = "UIApplication+CHSharedApplication.h"; path = "Pod/Classes/Objective-C/UIApplication+CHSharedApplication.h"; sourceTree = SOURCE_ROOT; };
		0C8A5DF11D8D4EB400B71D95 /* UIApplication+CHSharedApplication.m */ = {isa = PBXFileReference; fileEncoding = 4; lastKnownFileType = sourcecode.c.objc; name = "UIApplication+CHSharedApplication.m"; path = "Pod/Classes/Objective-C/UIApplication+CHSharedApplication.m"; sourceTree = SOURCE_ROOT; };
		0C8A5DF91D8D54EF00B71D95 /* ChameleonExtension.appex */ = {isa = PBXFileReference; explicitFileType = "wrapper.app-extension"; includeInIndex = 0; path = ChameleonExtension.appex; sourceTree = BUILT_PRODUCTS_DIR; };
		0C8A5DFB1D8D54EF00B71D95 /* KeyboardViewController.swift */ = {isa = PBXFileReference; lastKnownFileType = sourcecode.swift; path = KeyboardViewController.swift; sourceTree = "<group>"; };
		0C8A5DFD1D8D54EF00B71D95 /* Info.plist */ = {isa = PBXFileReference; lastKnownFileType = text.plist.xml; path = Info.plist; sourceTree = "<group>"; };
		0C8DABA51C07AC3800B28FE2 /* UIAppearance+Swift.h */ = {isa = PBXFileReference; fileEncoding = 4; lastKnownFileType = sourcecode.c.h; name = "UIAppearance+Swift.h"; path = "../Pod/Classes/Objective-C/UIAppearance+Swift.h"; sourceTree = "<group>"; };
		0C8DABA61C07AC3800B28FE2 /* UIAppearance+Swift.m */ = {isa = PBXFileReference; fileEncoding = 4; lastKnownFileType = sourcecode.c.objc; name = "UIAppearance+Swift.m"; path = "../Pod/Classes/Objective-C/UIAppearance+Swift.m"; sourceTree = "<group>"; };
		0C8DABB11C07B5EA00B28FE2 /* ChameleonDemo-Objc.app */ = {isa = PBXFileReference; explicitFileType = wrapper.application; includeInIndex = 0; path = "ChameleonDemo-Objc.app"; sourceTree = BUILT_PRODUCTS_DIR; };
		0C8DABB41C07B5EA00B28FE2 /* main.m */ = {isa = PBXFileReference; lastKnownFileType = sourcecode.c.objc; path = main.m; sourceTree = "<group>"; };
		0C8DABB61C07B5EA00B28FE2 /* AppDelegate.h */ = {isa = PBXFileReference; lastKnownFileType = sourcecode.c.h; path = AppDelegate.h; sourceTree = "<group>"; };
		0C8DABB71C07B5EA00B28FE2 /* AppDelegate.m */ = {isa = PBXFileReference; lastKnownFileType = sourcecode.c.objc; path = AppDelegate.m; sourceTree = "<group>"; };
		0C8DABB91C07B5EA00B28FE2 /* ViewController.h */ = {isa = PBXFileReference; lastKnownFileType = sourcecode.c.h; path = ViewController.h; sourceTree = "<group>"; };
		0C8DABBA1C07B5EA00B28FE2 /* ViewController.m */ = {isa = PBXFileReference; lastKnownFileType = sourcecode.c.objc; path = ViewController.m; sourceTree = "<group>"; };
		0C8DABBD1C07B5EA00B28FE2 /* Base */ = {isa = PBXFileReference; lastKnownFileType = file.storyboard; name = Base; path = Base.lproj/Main.storyboard; sourceTree = "<group>"; };
		0C8DABBF1C07B5EA00B28FE2 /* Assets.xcassets */ = {isa = PBXFileReference; lastKnownFileType = folder.assetcatalog; path = Assets.xcassets; sourceTree = "<group>"; };
		0C8DABC21C07B5EA00B28FE2 /* Base */ = {isa = PBXFileReference; lastKnownFileType = file.storyboard; name = Base; path = Base.lproj/LaunchScreen.storyboard; sourceTree = "<group>"; };
		0C8DABC41C07B5EA00B28FE2 /* Info.plist */ = {isa = PBXFileReference; lastKnownFileType = text.plist.xml; path = Info.plist; sourceTree = "<group>"; };
		240093F81BB4517400932727 /* Chameleon.framework */ = {isa = PBXFileReference; explicitFileType = wrapper.framework; includeInIndex = 0; path = Chameleon.framework; sourceTree = BUILT_PRODUCTS_DIR; };
		240093FB1BB4517400932727 /* Chameleon.h */ = {isa = PBXFileReference; lastKnownFileType = sourcecode.c.h; path = Chameleon.h; sourceTree = "<group>"; };
		240093FD1BB4517400932727 /* Info.plist */ = {isa = PBXFileReference; lastKnownFileType = text.plist.xml; path = Info.plist; sourceTree = "<group>"; };
		245935D41BB4D62500C30559 /* Chameleon_.h */ = {isa = PBXFileReference; fileEncoding = 4; lastKnownFileType = sourcecode.c.h; name = Chameleon_.h; path = "Pod/Classes/Objective-C/Chameleon_.h"; sourceTree = SOURCE_ROOT; };
		245935D51BB4D62500C30559 /* Chameleon_.m */ = {isa = PBXFileReference; fileEncoding = 4; lastKnownFileType = sourcecode.c.objc; name = Chameleon_.m; path = "Pod/Classes/Objective-C/Chameleon_.m"; sourceTree = SOURCE_ROOT; };
		245935D61BB4D62500C30559 /* ChameleonConstants.h */ = {isa = PBXFileReference; fileEncoding = 4; lastKnownFileType = sourcecode.c.h; name = ChameleonConstants.h; path = "Pod/Classes/Objective-C/ChameleonConstants.h"; sourceTree = SOURCE_ROOT; };
		245935D71BB4D62500C30559 /* ChameleonConstants.m */ = {isa = PBXFileReference; fileEncoding = 4; lastKnownFileType = sourcecode.c.objc; name = ChameleonConstants.m; path = "Pod/Classes/Objective-C/ChameleonConstants.m"; sourceTree = SOURCE_ROOT; };
		245935D81BB4D62500C30559 /* ChameleonEnums.h */ = {isa = PBXFileReference; fileEncoding = 4; lastKnownFileType = sourcecode.c.h; name = ChameleonEnums.h; path = "Pod/Classes/Objective-C/ChameleonEnums.h"; sourceTree = SOURCE_ROOT; };
		245935D91BB4D62500C30559 /* ChameleonMacros.h */ = {isa = PBXFileReference; fileEncoding = 4; lastKnownFileType = sourcecode.c.h; name = ChameleonMacros.h; path = "Pod/Classes/Objective-C/ChameleonMacros.h"; sourceTree = SOURCE_ROOT; };
		245935DA1BB4D62500C30559 /* NSArray+Chameleon.h */ = {isa = PBXFileReference; fileEncoding = 4; lastKnownFileType = sourcecode.c.h; name = "NSArray+Chameleon.h"; path = "Pod/Classes/Objective-C/NSArray+Chameleon.h"; sourceTree = SOURCE_ROOT; };
		245935DB1BB4D62500C30559 /* NSArray+Chameleon.m */ = {isa = PBXFileReference; fileEncoding = 4; lastKnownFileType = sourcecode.c.objc; name = "NSArray+Chameleon.m"; path = "Pod/Classes/Objective-C/NSArray+Chameleon.m"; sourceTree = SOURCE_ROOT; };
		245935DC1BB4D62500C30559 /* UIButton+Chameleon.h */ = {isa = PBXFileReference; fileEncoding = 4; lastKnownFileType = sourcecode.c.h; name = "UIButton+Chameleon.h"; path = "Pod/Classes/Objective-C/UIButton+Chameleon.h"; sourceTree = SOURCE_ROOT; };
		245935DD1BB4D62500C30559 /* UIButton+Chameleon.m */ = {isa = PBXFileReference; fileEncoding = 4; lastKnownFileType = sourcecode.c.objc; name = "UIButton+Chameleon.m"; path = "Pod/Classes/Objective-C/UIButton+Chameleon.m"; sourceTree = SOURCE_ROOT; };
		245935DE1BB4D62500C30559 /* UIColor+Chameleon.h */ = {isa = PBXFileReference; fileEncoding = 4; lastKnownFileType = sourcecode.c.h; name = "UIColor+Chameleon.h"; path = "Pod/Classes/Objective-C/UIColor+Chameleon.h"; sourceTree = SOURCE_ROOT; };
		245935DF1BB4D62500C30559 /* UIColor+Chameleon.m */ = {isa = PBXFileReference; fileEncoding = 4; lastKnownFileType = sourcecode.c.objc; name = "UIColor+Chameleon.m"; path = "Pod/Classes/Objective-C/UIColor+Chameleon.m"; sourceTree = SOURCE_ROOT; };
		245935E01BB4D62500C30559 /* UIColor+ChameleonPrivate.h */ = {isa = PBXFileReference; fileEncoding = 4; lastKnownFileType = sourcecode.c.h; name = "UIColor+ChameleonPrivate.h"; path = "Pod/Classes/Objective-C/UIColor+ChameleonPrivate.h"; sourceTree = SOURCE_ROOT; };
		245935E11BB4D62500C30559 /* UIColor+ChameleonPrivate.m */ = {isa = PBXFileReference; fileEncoding = 4; lastKnownFileType = sourcecode.c.objc; name = "UIColor+ChameleonPrivate.m"; path = "Pod/Classes/Objective-C/UIColor+ChameleonPrivate.m"; sourceTree = SOURCE_ROOT; };
		245935E21BB4D62500C30559 /* UIImage+ChameleonPrivate.h */ = {isa = PBXFileReference; fileEncoding = 4; lastKnownFileType = sourcecode.c.h; name = "UIImage+ChameleonPrivate.h"; path = "Pod/Classes/Objective-C/UIImage+ChameleonPrivate.h"; sourceTree = SOURCE_ROOT; };
		245935E31BB4D62500C30559 /* UIImage+ChameleonPrivate.m */ = {isa = PBXFileReference; fileEncoding = 4; lastKnownFileType = sourcecode.c.objc; name = "UIImage+ChameleonPrivate.m"; path = "Pod/Classes/Objective-C/UIImage+ChameleonPrivate.m"; sourceTree = SOURCE_ROOT; };
		245935E41BB4D62500C30559 /* UILabel+Chameleon.h */ = {isa = PBXFileReference; fileEncoding = 4; lastKnownFileType = sourcecode.c.h; name = "UILabel+Chameleon.h"; path = "Pod/Classes/Objective-C/UILabel+Chameleon.h"; sourceTree = SOURCE_ROOT; };
		245935E51BB4D62500C30559 /* UILabel+Chameleon.m */ = {isa = PBXFileReference; fileEncoding = 4; lastKnownFileType = sourcecode.c.objc; name = "UILabel+Chameleon.m"; path = "Pod/Classes/Objective-C/UILabel+Chameleon.m"; sourceTree = SOURCE_ROOT; };
		245935E61BB4D62500C30559 /* UINavigationController+Chameleon.h */ = {isa = PBXFileReference; fileEncoding = 4; lastKnownFileType = sourcecode.c.h; name = "UINavigationController+Chameleon.h"; path = "Pod/Classes/Objective-C/UINavigationController+Chameleon.h"; sourceTree = SOURCE_ROOT; };
		245935E71BB4D62500C30559 /* UINavigationController+Chameleon.m */ = {isa = PBXFileReference; fileEncoding = 4; lastKnownFileType = sourcecode.c.objc; name = "UINavigationController+Chameleon.m"; path = "Pod/Classes/Objective-C/UINavigationController+Chameleon.m"; sourceTree = SOURCE_ROOT; };
		245935E81BB4D62500C30559 /* UIView+ChameleonPrivate.h */ = {isa = PBXFileReference; fileEncoding = 4; lastKnownFileType = sourcecode.c.h; name = "UIView+ChameleonPrivate.h"; path = "Pod/Classes/Objective-C/UIView+ChameleonPrivate.h"; sourceTree = SOURCE_ROOT; };
		245935E91BB4D62500C30559 /* UIView+ChameleonPrivate.m */ = {isa = PBXFileReference; fileEncoding = 4; lastKnownFileType = sourcecode.c.objc; name = "UIView+ChameleonPrivate.m"; path = "Pod/Classes/Objective-C/UIView+ChameleonPrivate.m"; sourceTree = SOURCE_ROOT; };
		245935EA1BB4D62500C30559 /* UIViewController+Chameleon.h */ = {isa = PBXFileReference; fileEncoding = 4; lastKnownFileType = sourcecode.c.h; name = "UIViewController+Chameleon.h"; path = "Pod/Classes/Objective-C/UIViewController+Chameleon.h"; sourceTree = SOURCE_ROOT; };
		245935EB1BB4D62500C30559 /* UIViewController+Chameleon.m */ = {isa = PBXFileReference; fileEncoding = 4; lastKnownFileType = sourcecode.c.objc; name = "UIViewController+Chameleon.m"; path = "Pod/Classes/Objective-C/UIViewController+Chameleon.m"; sourceTree = SOURCE_ROOT; };
		245936041BB4D62D00C30559 /* ChameleonShorthand.swift */ = {isa = PBXFileReference; fileEncoding = 4; lastKnownFileType = sourcecode.swift; name = ChameleonShorthand.swift; path = Pod/Classes/Swift/ChameleonShorthand.swift; sourceTree = SOURCE_ROOT; };
		247EB8A71BB61EB3009B4904 /* ChameleonDemo.app */ = {isa = PBXFileReference; explicitFileType = wrapper.application; includeInIndex = 0; path = ChameleonDemo.app; sourceTree = BUILT_PRODUCTS_DIR; };
		247EB8A91BB61EB3009B4904 /* AppDelegate.swift */ = {isa = PBXFileReference; lastKnownFileType = sourcecode.swift; path = AppDelegate.swift; sourceTree = "<group>"; };
		247EB8AB1BB61EB3009B4904 /* ViewController.swift */ = {isa = PBXFileReference; lastKnownFileType = sourcecode.swift; path = ViewController.swift; sourceTree = "<group>"; };
		247EB8AE1BB61EB3009B4904 /* Base */ = {isa = PBXFileReference; lastKnownFileType = file.storyboard; name = Base; path = Base.lproj/Main.storyboard; sourceTree = "<group>"; };
		247EB8B01BB61EB3009B4904 /* Assets.xcassets */ = {isa = PBXFileReference; lastKnownFileType = folder.assetcatalog; path = Assets.xcassets; sourceTree = "<group>"; };
		247EB8B31BB61EB3009B4904 /* Base */ = {isa = PBXFileReference; lastKnownFileType = file.storyboard; name = Base; path = Base.lproj/LaunchScreen.storyboard; sourceTree = "<group>"; };
		247EB8B51BB61EB3009B4904 /* Info.plist */ = {isa = PBXFileReference; lastKnownFileType = text.plist.xml; path = Info.plist; sourceTree = "<group>"; };
/* End PBXFileReference section */

/* Begin PBXFrameworksBuildPhase section */
		0C8A5DE01D8D4B7D00B71D95 /* Frameworks */ = {
			isa = PBXFrameworksBuildPhase;
			buildActionMask = 2147483647;
			files = (
				0C8A5DF41D8D545C00B71D95 /* Chameleon.framework in Frameworks */,
			);
			runOnlyForDeploymentPostprocessing = 0;
		};
		0C8A5DF61D8D54EF00B71D95 /* Frameworks */ = {
			isa = PBXFrameworksBuildPhase;
			buildActionMask = 2147483647;
			files = (
				0C8A5E041D8D54F600B71D95 /* Chameleon.framework in Frameworks */,
			);
			runOnlyForDeploymentPostprocessing = 0;
		};
		0C8DABAE1C07B5EA00B28FE2 /* Frameworks */ = {
			isa = PBXFrameworksBuildPhase;
			buildActionMask = 2147483647;
			files = (
				0C6D34721C07B98400A7BF83 /* Chameleon.framework in Frameworks */,
			);
			runOnlyForDeploymentPostprocessing = 0;
		};
		240093F41BB4517400932727 /* Frameworks */ = {
			isa = PBXFrameworksBuildPhase;
			buildActionMask = 2147483647;
			files = (
			);
			runOnlyForDeploymentPostprocessing = 0;
		};
		247EB8A41BB61EB3009B4904 /* Frameworks */ = {
			isa = PBXFrameworksBuildPhase;
			buildActionMask = 2147483647;
			files = (
				247EB8B91BB61F76009B4904 /* Chameleon.framework in Frameworks */,
			);
			runOnlyForDeploymentPostprocessing = 0;
		};
/* End PBXFrameworksBuildPhase section */

/* Begin PBXGroup section */
		0C8A5DE41D8D4B7D00B71D95 /* ChameleonExtension-ObjC */ = {
			isa = PBXGroup;
			children = (
				0C8A5DE51D8D4B7D00B71D95 /* KeyboardViewController.h */,
				0C8A5DE61D8D4B7D00B71D95 /* KeyboardViewController.m */,
				0C8A5DE81D8D4B7D00B71D95 /* Info.plist */,
			);
			path = "ChameleonExtension-ObjC";
			sourceTree = "<group>";
		};
		0C8A5DFA1D8D54EF00B71D95 /* ChameleonExtension */ = {
			isa = PBXGroup;
			children = (
				0C8A5DFB1D8D54EF00B71D95 /* KeyboardViewController.swift */,
				0C8A5DFD1D8D54EF00B71D95 /* Info.plist */,
			);
			path = ChameleonExtension;
			sourceTree = "<group>";
		};
		0C8DABB21C07B5EA00B28FE2 /* ChameleonDemo-Objc */ = {
			isa = PBXGroup;
			children = (
				0C8DABB61C07B5EA00B28FE2 /* AppDelegate.h */,
				0C8DABB71C07B5EA00B28FE2 /* AppDelegate.m */,
				0C8DABB91C07B5EA00B28FE2 /* ViewController.h */,
				0C8DABBA1C07B5EA00B28FE2 /* ViewController.m */,
				0C8DABBC1C07B5EA00B28FE2 /* Main.storyboard */,
				0C8DABBF1C07B5EA00B28FE2 /* Assets.xcassets */,
				0C8DABC11C07B5EA00B28FE2 /* LaunchScreen.storyboard */,
				0C8DABC41C07B5EA00B28FE2 /* Info.plist */,
				0C8DABB31C07B5EA00B28FE2 /* Supporting Files */,
			);
			path = "ChameleonDemo-Objc";
			sourceTree = "<group>";
		};
		0C8DABB31C07B5EA00B28FE2 /* Supporting Files */ = {
			isa = PBXGroup;
			children = (
				0C8DABB41C07B5EA00B28FE2 /* main.m */,
			);
			name = "Supporting Files";
			sourceTree = "<group>";
		};
		240093EE1BB4517400932727 = {
			isa = PBXGroup;
			children = (
				240093FA1BB4517400932727 /* Chameleon */,
				247EB8A81BB61EB3009B4904 /* ChameleonDemo */,
				0C8DABB21C07B5EA00B28FE2 /* ChameleonDemo-Objc */,
				0C8A5DE41D8D4B7D00B71D95 /* ChameleonExtension-ObjC */,
				0C8A5DFA1D8D54EF00B71D95 /* ChameleonExtension */,
				240093F91BB4517400932727 /* Products */,
			);
			sourceTree = "<group>";
		};
		240093F91BB4517400932727 /* Products */ = {
			isa = PBXGroup;
			children = (
				240093F81BB4517400932727 /* Chameleon.framework */,
				247EB8A71BB61EB3009B4904 /* ChameleonDemo.app */,
				0C8DABB11C07B5EA00B28FE2 /* ChameleonDemo-Objc.app */,
				0C8A5DE31D8D4B7D00B71D95 /* ChameleonExtension-ObjC.appex */,
				0C8A5DF91D8D54EF00B71D95 /* ChameleonExtension.appex */,
			);
			name = Products;
			sourceTree = "<group>";
		};
		240093FA1BB4517400932727 /* Chameleon */ = {
			isa = PBXGroup;
			children = (
				245936041BB4D62D00C30559 /* ChameleonShorthand.swift */,
				240093FB1BB4517400932727 /* Chameleon.h */,
				245935D41BB4D62500C30559 /* Chameleon_.h */,
				245935D51BB4D62500C30559 /* Chameleon_.m */,
				245935D61BB4D62500C30559 /* ChameleonConstants.h */,
				245935D71BB4D62500C30559 /* ChameleonConstants.m */,
				245935D81BB4D62500C30559 /* ChameleonEnums.h */,
				245935D91BB4D62500C30559 /* ChameleonMacros.h */,
				245935DA1BB4D62500C30559 /* NSArray+Chameleon.h */,
				245935DB1BB4D62500C30559 /* NSArray+Chameleon.m */,
				245935DC1BB4D62500C30559 /* UIButton+Chameleon.h */,
				245935DD1BB4D62500C30559 /* UIButton+Chameleon.m */,
				245935DE1BB4D62500C30559 /* UIColor+Chameleon.h */,
				245935DF1BB4D62500C30559 /* UIColor+Chameleon.m */,
				245935E01BB4D62500C30559 /* UIColor+ChameleonPrivate.h */,
				245935E11BB4D62500C30559 /* UIColor+ChameleonPrivate.m */,
				245935E21BB4D62500C30559 /* UIImage+ChameleonPrivate.h */,
				245935E31BB4D62500C30559 /* UIImage+ChameleonPrivate.m */,
				245935E41BB4D62500C30559 /* UILabel+Chameleon.h */,
				245935E51BB4D62500C30559 /* UILabel+Chameleon.m */,
				245935E61BB4D62500C30559 /* UINavigationController+Chameleon.h */,
				245935E71BB4D62500C30559 /* UINavigationController+Chameleon.m */,
				245935E81BB4D62500C30559 /* UIView+ChameleonPrivate.h */,
				245935E91BB4D62500C30559 /* UIView+ChameleonPrivate.m */,
				245935EA1BB4D62500C30559 /* UIViewController+Chameleon.h */,
				245935EB1BB4D62500C30559 /* UIViewController+Chameleon.m */,
				0C8DABA51C07AC3800B28FE2 /* UIAppearance+Swift.h */,
				0C8DABA61C07AC3800B28FE2 /* UIAppearance+Swift.m */,
				0C8A5DF01D8D4EB400B71D95 /* UIApplication+CHSharedApplication.h */,
				0C8A5DF11D8D4EB400B71D95 /* UIApplication+CHSharedApplication.m */,
				240093FD1BB4517400932727 /* Info.plist */,
			);
			path = Chameleon;
			sourceTree = "<group>";
		};
		247EB8A81BB61EB3009B4904 /* ChameleonDemo */ = {
			isa = PBXGroup;
			children = (
				247EB8A91BB61EB3009B4904 /* AppDelegate.swift */,
				247EB8AB1BB61EB3009B4904 /* ViewController.swift */,
				247EB8AD1BB61EB3009B4904 /* Main.storyboard */,
				247EB8B01BB61EB3009B4904 /* Assets.xcassets */,
				247EB8B21BB61EB3009B4904 /* LaunchScreen.storyboard */,
				247EB8B51BB61EB3009B4904 /* Info.plist */,
			);
			path = ChameleonDemo;
			sourceTree = "<group>";
		};
/* End PBXGroup section */

/* Begin PBXHeadersBuildPhase section */
		240093F51BB4517400932727 /* Headers */ = {
			isa = PBXHeadersBuildPhase;
			buildActionMask = 2147483647;
			files = (
				245935F41BB4D62500C30559 /* UIButton+Chameleon.h in Headers */,
				245935FC1BB4D62500C30559 /* UILabel+Chameleon.h in Headers */,
				245935F21BB4D62500C30559 /* NSArray+Chameleon.h in Headers */,
				240093FC1BB4517400932727 /* Chameleon.h in Headers */,
				245935EC1BB4D62500C30559 /* Chameleon_.h in Headers */,
				245935FE1BB4D62500C30559 /* UINavigationController+Chameleon.h in Headers */,
				245935F11BB4D62500C30559 /* ChameleonMacros.h in Headers */,
				245936001BB4D62500C30559 /* UIView+ChameleonPrivate.h in Headers */,
				245935F61BB4D62500C30559 /* UIColor+Chameleon.h in Headers */,
				245935F01BB4D62500C30559 /* ChameleonEnums.h in Headers */,
				245935EE1BB4D62500C30559 /* ChameleonConstants.h in Headers */,
				245935F81BB4D62500C30559 /* UIColor+ChameleonPrivate.h in Headers */,
				0C8A5DF21D8D4EB400B71D95 /* UIApplication+CHSharedApplication.h in Headers */,
				245936021BB4D62500C30559 /* UIViewController+Chameleon.h in Headers */,
				0C8DABAB1C07B00000B28FE2 /* UIImage+ChameleonPrivate.h in Headers */,
				0C8DABAC1C07B00800B28FE2 /* UIAppearance+Swift.h in Headers */,
			);
			runOnlyForDeploymentPostprocessing = 0;
		};
/* End PBXHeadersBuildPhase section */

/* Begin PBXNativeTarget section */
		0C8A5DE21D8D4B7D00B71D95 /* ChameleonExtension-ObjC */ = {
			isa = PBXNativeTarget;
			buildConfigurationList = 0C8A5DEC1D8D4B7D00B71D95 /* Build configuration list for PBXNativeTarget "ChameleonExtension-ObjC" */;
			buildPhases = (
				0C8A5DDF1D8D4B7D00B71D95 /* Sources */,
				0C8A5DE01D8D4B7D00B71D95 /* Frameworks */,
				0C8A5DE11D8D4B7D00B71D95 /* Resources */,
			);
			buildRules = (
			);
			dependencies = (
			);
			name = "ChameleonExtension-ObjC";
			productName = "ChameleonExtension-ObjC";
			productReference = 0C8A5DE31D8D4B7D00B71D95 /* ChameleonExtension-ObjC.appex */;
			productType = "com.apple.product-type.app-extension";
		};
		0C8A5DF81D8D54EF00B71D95 /* ChameleonExtension */ = {
			isa = PBXNativeTarget;
			buildConfigurationList = 0C8A5E031D8D54EF00B71D95 /* Build configuration list for PBXNativeTarget "ChameleonExtension" */;
			buildPhases = (
				0C8A5DF51D8D54EF00B71D95 /* Sources */,
				0C8A5DF61D8D54EF00B71D95 /* Frameworks */,
				0C8A5DF71D8D54EF00B71D95 /* Resources */,
			);
			buildRules = (
			);
			dependencies = (
			);
			name = ChameleonExtension;
			productName = ChameleonExtension;
			productReference = 0C8A5DF91D8D54EF00B71D95 /* ChameleonExtension.appex */;
			productType = "com.apple.product-type.app-extension";
		};
		0C8DABB01C07B5EA00B28FE2 /* ChameleonDemo-Objc */ = {
			isa = PBXNativeTarget;
			buildConfigurationList = 0C8DABC51C07B5EA00B28FE2 /* Build configuration list for PBXNativeTarget "ChameleonDemo-Objc" */;
			buildPhases = (
				0C8DABAD1C07B5EA00B28FE2 /* Sources */,
				0C8DABAE1C07B5EA00B28FE2 /* Frameworks */,
				0C8DABAF1C07B5EA00B28FE2 /* Resources */,
				0C6D34761C07B98400A7BF83 /* Embed Frameworks */,
				0C8A5DEF1D8D4B7D00B71D95 /* Embed App Extensions */,
			);
			buildRules = (
			);
			dependencies = (
				0C6D34751C07B98400A7BF83 /* PBXTargetDependency */,
				0C8A5DEA1D8D4B7D00B71D95 /* PBXTargetDependency */,
			);
			name = "ChameleonDemo-Objc";
			productName = "ChameleonDemo-Objc";
			productReference = 0C8DABB11C07B5EA00B28FE2 /* ChameleonDemo-Objc.app */;
			productType = "com.apple.product-type.application";
		};
		240093F71BB4517400932727 /* Chameleon */ = {
			isa = PBXNativeTarget;
			buildConfigurationList = 240094001BB4517400932727 /* Build configuration list for PBXNativeTarget "Chameleon" */;
			buildPhases = (
				240093F31BB4517400932727 /* Sources */,
				240093F41BB4517400932727 /* Frameworks */,
				240093F51BB4517400932727 /* Headers */,
				240093F61BB4517400932727 /* Resources */,
			);
			buildRules = (
			);
			dependencies = (
			);
			name = Chameleon;
			productName = Chameleon;
			productReference = 240093F81BB4517400932727 /* Chameleon.framework */;
			productType = "com.apple.product-type.framework";
		};
		247EB8A61BB61EB3009B4904 /* ChameleonDemo */ = {
			isa = PBXNativeTarget;
			buildConfigurationList = 247EB8B81BB61EB3009B4904 /* Build configuration list for PBXNativeTarget "ChameleonDemo" */;
			buildPhases = (
				247EB8A31BB61EB3009B4904 /* Sources */,
				247EB8A41BB61EB3009B4904 /* Frameworks */,
				247EB8A51BB61EB3009B4904 /* Resources */,
				0C8A5DDE1D8D496B00B71D95 /* Embed App Extensions */,
			);
			buildRules = (
			);
			dependencies = (
				0C8A5DFF1D8D54EF00B71D95 /* PBXTargetDependency */,
			);
			name = ChameleonDemo;
			productName = ChameleonDemo;
			productReference = 247EB8A71BB61EB3009B4904 /* ChameleonDemo.app */;
			productType = "com.apple.product-type.application";
		};
/* End PBXNativeTarget section */

/* Begin PBXProject section */
		240093EF1BB4517400932727 /* Project object */ = {
			isa = PBXProject;
			attributes = {
				LastSwiftUpdateCheck = 0800;
				LastUpgradeCheck = 0800;
				ORGANIZATIONNAME = "Vicc Alexander";
				TargetAttributes = {
					0C8A5DE21D8D4B7D00B71D95 = {
						CreatedOnToolsVersion = 8.0;
						ProvisioningStyle = Automatic;
					};
					0C8A5DF81D8D54EF00B71D95 = {
						CreatedOnToolsVersion = 8.0;
						ProvisioningStyle = Automatic;
					};
					0C8DABB01C07B5EA00B28FE2 = {
						CreatedOnToolsVersion = 7.1.1;
						LastSwiftMigration = 0800;
					};
					240093F71BB4517400932727 = {
						CreatedOnToolsVersion = 7.0;
						LastSwiftMigration = 0800;
					};
					247EB8A61BB61EB3009B4904 = {
						CreatedOnToolsVersion = 7.0;
						LastSwiftMigration = 0800;
					};
				};
			};
			buildConfigurationList = 240093F21BB4517400932727 /* Build configuration list for PBXProject "Chameleon" */;
			compatibilityVersion = "Xcode 3.2";
			developmentRegion = English;
			hasScannedForEncodings = 0;
			knownRegions = (
				en,
				Base,
			);
			mainGroup = 240093EE1BB4517400932727;
			productRefGroup = 240093F91BB4517400932727 /* Products */;
			projectDirPath = "";
			projectRoot = "";
			targets = (
				240093F71BB4517400932727 /* Chameleon */,
				247EB8A61BB61EB3009B4904 /* ChameleonDemo */,
				0C8DABB01C07B5EA00B28FE2 /* ChameleonDemo-Objc */,
				0C8A5DE21D8D4B7D00B71D95 /* ChameleonExtension-ObjC */,
				0C8A5DF81D8D54EF00B71D95 /* ChameleonExtension */,
			);
		};
/* End PBXProject section */

/* Begin PBXResourcesBuildPhase section */
		0C8A5DE11D8D4B7D00B71D95 /* Resources */ = {
			isa = PBXResourcesBuildPhase;
			buildActionMask = 2147483647;
			files = (
			);
			runOnlyForDeploymentPostprocessing = 0;
		};
		0C8A5DF71D8D54EF00B71D95 /* Resources */ = {
			isa = PBXResourcesBuildPhase;
			buildActionMask = 2147483647;
			files = (
			);
			runOnlyForDeploymentPostprocessing = 0;
		};
		0C8DABAF1C07B5EA00B28FE2 /* Resources */ = {
			isa = PBXResourcesBuildPhase;
			buildActionMask = 2147483647;
			files = (
				0C8DABC31C07B5EA00B28FE2 /* LaunchScreen.storyboard in Resources */,
				0C8DABC01C07B5EA00B28FE2 /* Assets.xcassets in Resources */,
				0C8DABBE1C07B5EA00B28FE2 /* Main.storyboard in Resources */,
			);
			runOnlyForDeploymentPostprocessing = 0;
		};
		240093F61BB4517400932727 /* Resources */ = {
			isa = PBXResourcesBuildPhase;
			buildActionMask = 2147483647;
			files = (
			);
			runOnlyForDeploymentPostprocessing = 0;
		};
		247EB8A51BB61EB3009B4904 /* Resources */ = {
			isa = PBXResourcesBuildPhase;
			buildActionMask = 2147483647;
			files = (
				247EB8B41BB61EB3009B4904 /* LaunchScreen.storyboard in Resources */,
				247EB8B11BB61EB3009B4904 /* Assets.xcassets in Resources */,
				247EB8AF1BB61EB3009B4904 /* Main.storyboard in Resources */,
			);
			runOnlyForDeploymentPostprocessing = 0;
		};
/* End PBXResourcesBuildPhase section */

/* Begin PBXSourcesBuildPhase section */
		0C8A5DDF1D8D4B7D00B71D95 /* Sources */ = {
			isa = PBXSourcesBuildPhase;
			buildActionMask = 2147483647;
			files = (
				0C8A5DE71D8D4B7D00B71D95 /* KeyboardViewController.m in Sources */,
			);
			runOnlyForDeploymentPostprocessing = 0;
		};
		0C8A5DF51D8D54EF00B71D95 /* Sources */ = {
			isa = PBXSourcesBuildPhase;
			buildActionMask = 2147483647;
			files = (
				0C8A5DFC1D8D54EF00B71D95 /* KeyboardViewController.swift in Sources */,
			);
			runOnlyForDeploymentPostprocessing = 0;
		};
		0C8DABAD1C07B5EA00B28FE2 /* Sources */ = {
			isa = PBXSourcesBuildPhase;
			buildActionMask = 2147483647;
			files = (
				0C8DABBB1C07B5EA00B28FE2 /* ViewController.m in Sources */,
				0C8DABB81C07B5EA00B28FE2 /* AppDelegate.m in Sources */,
				0C8DABB51C07B5EA00B28FE2 /* main.m in Sources */,
			);
			runOnlyForDeploymentPostprocessing = 0;
		};
		240093F31BB4517400932727 /* Sources */ = {
			isa = PBXSourcesBuildPhase;
			buildActionMask = 2147483647;
			files = (
				245935F91BB4D62500C30559 /* UIColor+ChameleonPrivate.m in Sources */,
				0C8A5DF31D8D4EB400B71D95 /* UIApplication+CHSharedApplication.m in Sources */,
				245935F51BB4D62500C30559 /* UIButton+Chameleon.m in Sources */,
				245935F31BB4D62500C30559 /* NSArray+Chameleon.m in Sources */,
				245935FD1BB4D62500C30559 /* UILabel+Chameleon.m in Sources */,
				245935FB1BB4D62500C30559 /* UIImage+ChameleonPrivate.m in Sources */,
				245935EF1BB4D62500C30559 /* ChameleonConstants.m in Sources */,
				245936051BB4D62D00C30559 /* ChameleonShorthand.swift in Sources */,
				245936031BB4D62500C30559 /* UIViewController+Chameleon.m in Sources */,
				245935FF1BB4D62500C30559 /* UINavigationController+Chameleon.m in Sources */,
				0C8DABA81C07AC3800B28FE2 /* UIAppearance+Swift.m in Sources */,
				245936011BB4D62500C30559 /* UIView+ChameleonPrivate.m in Sources */,
				245935ED1BB4D62500C30559 /* Chameleon_.m in Sources */,
				245935F71BB4D62500C30559 /* UIColor+Chameleon.m in Sources */,
			);
			runOnlyForDeploymentPostprocessing = 0;
		};
		247EB8A31BB61EB3009B4904 /* Sources */ = {
			isa = PBXSourcesBuildPhase;
			buildActionMask = 2147483647;
			files = (
				247EB8AC1BB61EB3009B4904 /* ViewController.swift in Sources */,
				247EB8AA1BB61EB3009B4904 /* AppDelegate.swift in Sources */,
			);
			runOnlyForDeploymentPostprocessing = 0;
		};
/* End PBXSourcesBuildPhase section */

/* Begin PBXTargetDependency section */
		0C6D34751C07B98400A7BF83 /* PBXTargetDependency */ = {
			isa = PBXTargetDependency;
			target = 240093F71BB4517400932727 /* Chameleon */;
			targetProxy = 0C6D34741C07B98400A7BF83 /* PBXContainerItemProxy */;
		};
		0C8A5DEA1D8D4B7D00B71D95 /* PBXTargetDependency */ = {
			isa = PBXTargetDependency;
			target = 0C8A5DE21D8D4B7D00B71D95 /* ChameleonExtension-ObjC */;
			targetProxy = 0C8A5DE91D8D4B7D00B71D95 /* PBXContainerItemProxy */;
		};
		0C8A5DFF1D8D54EF00B71D95 /* PBXTargetDependency */ = {
			isa = PBXTargetDependency;
			target = 0C8A5DF81D8D54EF00B71D95 /* ChameleonExtension */;
			targetProxy = 0C8A5DFE1D8D54EF00B71D95 /* PBXContainerItemProxy */;
		};
/* End PBXTargetDependency section */

/* Begin PBXVariantGroup section */
		0C8DABBC1C07B5EA00B28FE2 /* Main.storyboard */ = {
			isa = PBXVariantGroup;
			children = (
				0C8DABBD1C07B5EA00B28FE2 /* Base */,
			);
			name = Main.storyboard;
			sourceTree = "<group>";
		};
		0C8DABC11C07B5EA00B28FE2 /* LaunchScreen.storyboard */ = {
			isa = PBXVariantGroup;
			children = (
				0C8DABC21C07B5EA00B28FE2 /* Base */,
			);
			name = LaunchScreen.storyboard;
			sourceTree = "<group>";
		};
		247EB8AD1BB61EB3009B4904 /* Main.storyboard */ = {
			isa = PBXVariantGroup;
			children = (
				247EB8AE1BB61EB3009B4904 /* Base */,
			);
			name = Main.storyboard;
			sourceTree = "<group>";
		};
		247EB8B21BB61EB3009B4904 /* LaunchScreen.storyboard */ = {
			isa = PBXVariantGroup;
			children = (
				247EB8B31BB61EB3009B4904 /* Base */,
			);
			name = LaunchScreen.storyboard;
			sourceTree = "<group>";
		};
/* End PBXVariantGroup section */

/* Begin XCBuildConfiguration section */
		0C8A5DED1D8D4B7D00B71D95 /* Debug */ = {
			isa = XCBuildConfiguration;
			buildSettings = {
				CLANG_ANALYZER_NONNULL = YES;
				CLANG_WARN_DOCUMENTATION_COMMENTS = YES;
				CLANG_WARN_SUSPICIOUS_MOVES = YES;
				INFOPLIST_FILE = "ChameleonExtension-ObjC/Info.plist";
				IPHONEOS_DEPLOYMENT_TARGET = 10.0;
				LD_RUNPATH_SEARCH_PATHS = "$(inherited) @executable_path/Frameworks @executable_path/../../Frameworks";
				PRODUCT_BUNDLE_IDENTIFIER = "com.viccalexander.ChameleonDemo-Objc.ChameleonExtension-ObjC";
				PRODUCT_NAME = "$(TARGET_NAME)";
				SKIP_INSTALL = YES;
			};
			name = Debug;
		};
		0C8A5DEE1D8D4B7D00B71D95 /* Release */ = {
			isa = XCBuildConfiguration;
			buildSettings = {
				CLANG_ANALYZER_NONNULL = YES;
				CLANG_WARN_DOCUMENTATION_COMMENTS = YES;
				CLANG_WARN_SUSPICIOUS_MOVES = YES;
				INFOPLIST_FILE = "ChameleonExtension-ObjC/Info.plist";
				IPHONEOS_DEPLOYMENT_TARGET = 10.0;
				LD_RUNPATH_SEARCH_PATHS = "$(inherited) @executable_path/Frameworks @executable_path/../../Frameworks";
				PRODUCT_BUNDLE_IDENTIFIER = "com.viccalexander.ChameleonDemo-Objc.ChameleonExtension-ObjC";
				PRODUCT_NAME = "$(TARGET_NAME)";
				SKIP_INSTALL = YES;
			};
			name = Release;
		};
		0C8A5E011D8D54EF00B71D95 /* Debug */ = {
			isa = XCBuildConfiguration;
			buildSettings = {
				CLANG_ANALYZER_NONNULL = YES;
				CLANG_WARN_DOCUMENTATION_COMMENTS = YES;
				CLANG_WARN_SUSPICIOUS_MOVES = YES;
				INFOPLIST_FILE = ChameleonExtension/Info.plist;
				IPHONEOS_DEPLOYMENT_TARGET = 10.0;
				LD_RUNPATH_SEARCH_PATHS = "$(inherited) @executable_path/Frameworks @executable_path/../../Frameworks";
				PRODUCT_BUNDLE_IDENTIFIER = com.viccalexander.ChameleonDemo.ChameleonExtension;
				PRODUCT_NAME = "$(TARGET_NAME)";
				SKIP_INSTALL = YES;
				SWIFT_ACTIVE_COMPILATION_CONDITIONS = DEBUG;
				SWIFT_VERSION = 3.0;
			};
			name = Debug;
		};
		0C8A5E021D8D54EF00B71D95 /* Release */ = {
			isa = XCBuildConfiguration;
			buildSettings = {
				CLANG_ANALYZER_NONNULL = YES;
				CLANG_WARN_DOCUMENTATION_COMMENTS = YES;
				CLANG_WARN_SUSPICIOUS_MOVES = YES;
				INFOPLIST_FILE = ChameleonExtension/Info.plist;
				IPHONEOS_DEPLOYMENT_TARGET = 10.0;
				LD_RUNPATH_SEARCH_PATHS = "$(inherited) @executable_path/Frameworks @executable_path/../../Frameworks";
				PRODUCT_BUNDLE_IDENTIFIER = com.viccalexander.ChameleonDemo.ChameleonExtension;
				PRODUCT_NAME = "$(TARGET_NAME)";
				SKIP_INSTALL = YES;
				SWIFT_VERSION = 3.0;
			};
			name = Release;
		};
		0C8DABC61C07B5EA00B28FE2 /* Debug */ = {
			isa = XCBuildConfiguration;
			buildSettings = {
				ALWAYS_EMBED_SWIFT_STANDARD_LIBRARIES = YES;
				ASSETCATALOG_COMPILER_APPICON_NAME = AppIcon;
				CLANG_ALLOW_NON_MODULAR_INCLUDES_IN_FRAMEWORK_MODULES = YES;
				INFOPLIST_FILE = "ChameleonDemo-Objc/Info.plist";
				IPHONEOS_DEPLOYMENT_TARGET = 8.0;
				LD_RUNPATH_SEARCH_PATHS = "$(inherited) @executable_path/Frameworks";
				PRODUCT_BUNDLE_IDENTIFIER = "com.viccalexander.ChameleonDemo-Objc";
				PRODUCT_NAME = "$(TARGET_NAME)";
				SWIFT_VERSION = 3.0;
			};
			name = Debug;
		};
		0C8DABC71C07B5EA00B28FE2 /* Release */ = {
			isa = XCBuildConfiguration;
			buildSettings = {
				ALWAYS_EMBED_SWIFT_STANDARD_LIBRARIES = YES;
				ASSETCATALOG_COMPILER_APPICON_NAME = AppIcon;
				CLANG_ALLOW_NON_MODULAR_INCLUDES_IN_FRAMEWORK_MODULES = YES;
				INFOPLIST_FILE = "ChameleonDemo-Objc/Info.plist";
				IPHONEOS_DEPLOYMENT_TARGET = 8.0;
				LD_RUNPATH_SEARCH_PATHS = "$(inherited) @executable_path/Frameworks";
				PRODUCT_BUNDLE_IDENTIFIER = "com.viccalexander.ChameleonDemo-Objc";
				PRODUCT_NAME = "$(TARGET_NAME)";
				SWIFT_VERSION = 3.0;
			};
			name = Release;
		};
		240093FE1BB4517400932727 /* Debug */ = {
			isa = XCBuildConfiguration;
			buildSettings = {
				ALWAYS_SEARCH_USER_PATHS = NO;
				CLANG_CXX_LANGUAGE_STANDARD = "gnu++0x";
				CLANG_CXX_LIBRARY = "libc++";
				CLANG_ENABLE_MODULES = YES;
				CLANG_ENABLE_OBJC_ARC = YES;
				CLANG_WARN_BOOL_CONVERSION = YES;
				CLANG_WARN_CONSTANT_CONVERSION = YES;
				CLANG_WARN_DIRECT_OBJC_ISA_USAGE = YES_ERROR;
				CLANG_WARN_EMPTY_BODY = YES;
				CLANG_WARN_ENUM_CONVERSION = YES;
				CLANG_WARN_INFINITE_RECURSION = YES;
				CLANG_WARN_INT_CONVERSION = YES;
				CLANG_WARN_OBJC_ROOT_CLASS = YES_ERROR;
				CLANG_WARN_SUSPICIOUS_MOVE = YES;
				CLANG_WARN_UNREACHABLE_CODE = YES;
				CLANG_WARN__DUPLICATE_METHOD_MATCH = YES;
				"CODE_SIGN_IDENTITY[sdk=iphoneos*]" = "iPhone Developer";
				COPY_PHASE_STRIP = NO;
				CURRENT_PROJECT_VERSION = 1;
				DEBUG_INFORMATION_FORMAT = dwarf;
				ENABLE_STRICT_OBJC_MSGSEND = YES;
				ENABLE_TESTABILITY = YES;
				GCC_C_LANGUAGE_STANDARD = gnu99;
				GCC_DYNAMIC_NO_PIC = NO;
				GCC_NO_COMMON_BLOCKS = YES;
				GCC_OPTIMIZATION_LEVEL = 0;
				GCC_PREPROCESSOR_DEFINITIONS = (
					"DEBUG=1",
					"$(inherited)",
				);
				GCC_WARN_64_TO_32_BIT_CONVERSION = YES;
				GCC_WARN_ABOUT_RETURN_TYPE = YES_ERROR;
				GCC_WARN_UNDECLARED_SELECTOR = YES;
				GCC_WARN_UNINITIALIZED_AUTOS = YES_AGGRESSIVE;
				GCC_WARN_UNUSED_FUNCTION = YES;
				GCC_WARN_UNUSED_VARIABLE = YES;
				IPHONEOS_DEPLOYMENT_TARGET = 8.0;
				MTL_ENABLE_DEBUG_INFO = YES;
				ONLY_ACTIVE_ARCH = YES;
				SDKROOT = iphoneos;
				SWIFT_OPTIMIZATION_LEVEL = "-Onone";
				TARGETED_DEVICE_FAMILY = "1,2";
				VERSIONING_SYSTEM = "apple-generic";
				VERSION_INFO_PREFIX = "";
			};
			name = Debug;
		};
		240093FF1BB4517400932727 /* Release */ = {
			isa = XCBuildConfiguration;
			buildSettings = {
				ALWAYS_SEARCH_USER_PATHS = NO;
				CLANG_CXX_LANGUAGE_STANDARD = "gnu++0x";
				CLANG_CXX_LIBRARY = "libc++";
				CLANG_ENABLE_MODULES = YES;
				CLANG_ENABLE_OBJC_ARC = YES;
				CLANG_WARN_BOOL_CONVERSION = YES;
				CLANG_WARN_CONSTANT_CONVERSION = YES;
				CLANG_WARN_DIRECT_OBJC_ISA_USAGE = YES_ERROR;
				CLANG_WARN_EMPTY_BODY = YES;
				CLANG_WARN_ENUM_CONVERSION = YES;
				CLANG_WARN_INFINITE_RECURSION = YES;
				CLANG_WARN_INT_CONVERSION = YES;
				CLANG_WARN_OBJC_ROOT_CLASS = YES_ERROR;
				CLANG_WARN_SUSPICIOUS_MOVE = YES;
				CLANG_WARN_UNREACHABLE_CODE = YES;
				CLANG_WARN__DUPLICATE_METHOD_MATCH = YES;
				"CODE_SIGN_IDENTITY[sdk=iphoneos*]" = "iPhone Developer";
				COPY_PHASE_STRIP = NO;
				CURRENT_PROJECT_VERSION = 1;
				DEBUG_INFORMATION_FORMAT = "dwarf-with-dsym";
				ENABLE_NS_ASSERTIONS = NO;
				ENABLE_STRICT_OBJC_MSGSEND = YES;
				GCC_C_LANGUAGE_STANDARD = gnu99;
				GCC_NO_COMMON_BLOCKS = YES;
				GCC_WARN_64_TO_32_BIT_CONVERSION = YES;
				GCC_WARN_ABOUT_RETURN_TYPE = YES_ERROR;
				GCC_WARN_UNDECLARED_SELECTOR = YES;
				GCC_WARN_UNINITIALIZED_AUTOS = YES_AGGRESSIVE;
				GCC_WARN_UNUSED_FUNCTION = YES;
				GCC_WARN_UNUSED_VARIABLE = YES;
				IPHONEOS_DEPLOYMENT_TARGET = 8.0;
				MTL_ENABLE_DEBUG_INFO = NO;
				SDKROOT = iphoneos;
				SWIFT_OPTIMIZATION_LEVEL = "-Owholemodule";
				TARGETED_DEVICE_FAMILY = "1,2";
				VALIDATE_PRODUCT = YES;
				VERSIONING_SYSTEM = "apple-generic";
				VERSION_INFO_PREFIX = "";
			};
			name = Release;
		};
		240094011BB4517400932727 /* Debug */ = {
			isa = XCBuildConfiguration;
			buildSettings = {
				CLANG_ALLOW_NON_MODULAR_INCLUDES_IN_FRAMEWORK_MODULES = NO;
				CLANG_ENABLE_MODULES = YES;
				"CODE_SIGN_IDENTITY[sdk=iphoneos*]" = "";
				DEFINES_MODULE = YES;
				DYLIB_COMPATIBILITY_VERSION = 1;
				DYLIB_CURRENT_VERSION = 1;
				DYLIB_INSTALL_NAME_BASE = "@rpath";
				INFOPLIST_FILE = Chameleon/Info.plist;
				INSTALL_PATH = "$(LOCAL_LIBRARY_DIR)/Frameworks";
				IPHONEOS_DEPLOYMENT_TARGET = 8.0;
				LD_RUNPATH_SEARCH_PATHS = "$(inherited) @executable_path/Frameworks @loader_path/Frameworks";
				PRODUCT_BUNDLE_IDENTIFIER = com.viccalexander.Chameleon;
				PRODUCT_NAME = "$(TARGET_NAME)";
				SKIP_INSTALL = YES;
				SWIFT_OPTIMIZATION_LEVEL = "-Onone";
				SWIFT_VERSION = 3.0;
			};
			name = Debug;
		};
		240094021BB4517400932727 /* Release */ = {
			isa = XCBuildConfiguration;
			buildSettings = {
				CLANG_ALLOW_NON_MODULAR_INCLUDES_IN_FRAMEWORK_MODULES = NO;
				CLANG_ENABLE_MODULES = YES;
				"CODE_SIGN_IDENTITY[sdk=iphoneos*]" = "";
				DEFINES_MODULE = YES;
				DYLIB_COMPATIBILITY_VERSION = 1;
				DYLIB_CURRENT_VERSION = 1;
				DYLIB_INSTALL_NAME_BASE = "@rpath";
				INFOPLIST_FILE = Chameleon/Info.plist;
				INSTALL_PATH = "$(LOCAL_LIBRARY_DIR)/Frameworks";
				IPHONEOS_DEPLOYMENT_TARGET = 8.0;
				LD_RUNPATH_SEARCH_PATHS = "$(inherited) @executable_path/Frameworks @loader_path/Frameworks";
				PRODUCT_BUNDLE_IDENTIFIER = com.viccalexander.Chameleon;
				PRODUCT_NAME = "$(TARGET_NAME)";
				SKIP_INSTALL = YES;
				SWIFT_VERSION = 3.0;
			};
			name = Release;
		};
		247EB8B61BB61EB3009B4904 /* Debug */ = {
			isa = XCBuildConfiguration;
			buildSettings = {
				ALWAYS_EMBED_SWIFT_STANDARD_LIBRARIES = YES;
				ASSETCATALOG_COMPILER_APPICON_NAME = AppIcon;
				INFOPLIST_FILE = ChameleonDemo/Info.plist;
				IPHONEOS_DEPLOYMENT_TARGET = 8.0;
				LD_RUNPATH_SEARCH_PATHS = "$(inherited) @executable_path/Frameworks";
				PRODUCT_BUNDLE_IDENTIFIER = com.viccalexander.ChameleonDemo;
				PRODUCT_NAME = "$(TARGET_NAME)";
				SWIFT_VERSION = 3.0;
			};
			name = Debug;
		};
		247EB8B71BB61EB3009B4904 /* Release */ = {
			isa = XCBuildConfiguration;
			buildSettings = {
				ALWAYS_EMBED_SWIFT_STANDARD_LIBRARIES = YES;
				ASSETCATALOG_COMPILER_APPICON_NAME = AppIcon;
				INFOPLIST_FILE = ChameleonDemo/Info.plist;
				IPHONEOS_DEPLOYMENT_TARGET = 8.0;
				LD_RUNPATH_SEARCH_PATHS = "$(inherited) @executable_path/Frameworks";
				PRODUCT_BUNDLE_IDENTIFIER = com.viccalexander.ChameleonDemo;
				PRODUCT_NAME = "$(TARGET_NAME)";
				SWIFT_VERSION = 3.0;
			};
			name = Release;
		};
/* End XCBuildConfiguration section */

/* Begin XCConfigurationList section */
		0C8A5DEC1D8D4B7D00B71D95 /* Build configuration list for PBXNativeTarget "ChameleonExtension-ObjC" */ = {
			isa = XCConfigurationList;
			buildConfigurations = (
				0C8A5DED1D8D4B7D00B71D95 /* Debug */,
				0C8A5DEE1D8D4B7D00B71D95 /* Release */,
			);
			defaultConfigurationIsVisible = 0;
			defaultConfigurationName = Release;
		};
		0C8A5E031D8D54EF00B71D95 /* Build configuration list for PBXNativeTarget "ChameleonExtension" */ = {
			isa = XCConfigurationList;
			buildConfigurations = (
				0C8A5E011D8D54EF00B71D95 /* Debug */,
				0C8A5E021D8D54EF00B71D95 /* Release */,
			);
			defaultConfigurationIsVisible = 0;
		};
		0C8DABC51C07B5EA00B28FE2 /* Build configuration list for PBXNativeTarget "ChameleonDemo-Objc" */ = {
			isa = XCConfigurationList;
			buildConfigurations = (
				0C8DABC61C07B5EA00B28FE2 /* Debug */,
				0C8DABC71C07B5EA00B28FE2 /* Release */,
			);
			defaultConfigurationIsVisible = 0;
			defaultConfigurationName = Release;
		};
		240093F21BB4517400932727 /* Build configuration list for PBXProject "Chameleon" */ = {
			isa = XCConfigurationList;
			buildConfigurations = (
				240093FE1BB4517400932727 /* Debug */,
				240093FF1BB4517400932727 /* Release */,
			);
			defaultConfigurationIsVisible = 0;
			defaultConfigurationName = Release;
		};
		240094001BB4517400932727 /* Build configuration list for PBXNativeTarget "Chameleon" */ = {
			isa = XCConfigurationList;
			buildConfigurations = (
				240094011BB4517400932727 /* Debug */,
				240094021BB4517400932727 /* Release */,
			);
			defaultConfigurationIsVisible = 0;
			defaultConfigurationName = Release;
		};
		247EB8B81BB61EB3009B4904 /* Build configuration list for PBXNativeTarget "ChameleonDemo" */ = {
			isa = XCConfigurationList;
			buildConfigurations = (
				247EB8B61BB61EB3009B4904 /* Debug */,
				247EB8B71BB61EB3009B4904 /* Release */,
			);
			defaultConfigurationIsVisible = 0;
			defaultConfigurationName = Release;
		};
/* End XCConfigurationList section */
	};
	rootObject = 240093EF1BB4517400932727 /* Project object */;
}
